PODS:
  - AFNetworking/NSURLSession (3.1.0):
    - AFNetworking/Reachability
    - AFNetworking/Security
    - AFNetworking/Serialization
  - AFNetworking/Reachability (3.1.0)
  - AFNetworking/Security (3.1.0)
  - AFNetworking/Serialization (3.1.0)
  - AFNetworking/UIKit (3.1.0):
    - AFNetworking/NSURLSession
  - ObjectiveSugar (1.1.0)
  - XMLDictionary (1.4.1)

DEPENDENCIES:
  - AFNetworking/UIKit (~> 3.1.0)
  - ObjectiveSugar
  - XMLDictionary (~> 1.4.1)

SPEC CHECKSUMS:
  AFNetworking: 5e0e199f73d8626b11e79750991f5d173d1f8b67
  ObjectiveSugar: a6a25f23d657c19df0a0b972466d5b5ca9f5295c
  XMLDictionary: fa07b6ff422b3a91d47a5de9bc82e3fc04fbd167

PODFILE CHECKSUM: 5c48b98f144952f37cc53ba2d3a7888d246e9ac4

COCOAPODS: 1.2.1
