// !$*UTF8*$!
{
	archiveVersion = 1;
	classes = {
	};
	objectVersion = 46;
	objects = {

/* Begin PBXAggregateTarget section */
		8C2E1D1A1F1384DE00DB0FC2 /* OCLint */ = {
			isa = PBXAggregateTarget;
			buildConfigurationList = 8C2E1D1D1F1384DF00DB0FC2 /* Build configuration list for PBXAggregateTarget "OCLint" */;
			buildPhases = (
				8C2E1D1E1F13907100DB0FC2 /* ShellScript */,
			);
			dependencies = (
				8C1FEFBF1F139F1E0024F046 /* PBXTargetDependency */,
			);
			name = OCLint;
			productName = OCLint;
		};
/* End PBXAggregateTarget section */

/* Begin PBXBuildFile section */
		8C1FEFCB1F13A76A0024F046 /* ServiceFactory.m in Sources */ = {isa = PBXBuildFile; fileRef = 8C1FEFCA1F13A76A0024F046 /* ServiceFactory.m */; };
		8C1FEFCF1F13A9CB0024F046 /* Cube.m in Sources */ = {isa = PBXBuildFile; fileRef = 8C1FEFCE1F13A9CB0024F046 /* Cube.m */; };
		8C2E1CE91F13818D00DB0FC2 /* main.m in Sources */ = {isa = PBXBuildFile; fileRef = 8C2E1CE81F13818D00DB0FC2 /* main.m */; };
		8C2E1CEC1F13818D00DB0FC2 /* AppDelegate.m in Sources */ = {isa = PBXBuildFile; fileRef = 8C2E1CEB1F13818D00DB0FC2 /* AppDelegate.m */; };
		8C2E1CEF1F13818D00DB0FC2 /* ViewController.m in Sources */ = {isa = PBXBuildFile; fileRef = 8C2E1CEE1F13818D00DB0FC2 /* ViewController.m */; };
		8C2E1CF21F13818D00DB0FC2 /* Main.storyboard in Resources */ = {isa = PBXBuildFile; fileRef = 8C2E1CF01F13818D00DB0FC2 /* Main.storyboard */; };
		8C2E1CF41F13818D00DB0FC2 /* Assets.xcassets in Resources */ = {isa = PBXBuildFile; fileRef = 8C2E1CF31F13818D00DB0FC2 /* Assets.xcassets */; };
		8C2E1CF71F13818D00DB0FC2 /* LaunchScreen.storyboard in Resources */ = {isa = PBXBuildFile; fileRef = 8C2E1CF51F13818D00DB0FC2 /* LaunchScreen.storyboard */; };
		8C2E1D021F13818D00DB0FC2 /* ExchangerTests.m in Sources */ = {isa = PBXBuildFile; fileRef = 8C2E1D011F13818D00DB0FC2 /* ExchangerTests.m */; };
		8C2E1D0D1F13818D00DB0FC2 /* ExchangerUITests.m in Sources */ = {isa = PBXBuildFile; fileRef = 8C2E1D0C1F13818D00DB0FC2 /* ExchangerUITests.m */; };
		8C304CFD1F13ACAD00ACE585 /* CurrencyFormatter.m in Sources */ = {isa = PBXBuildFile; fileRef = 8C304CFC1F13ACAD00ACE585 /* CurrencyFormatter.m */; };
		8C304D001F13AF0A00ACE585 /* Currency.m in Sources */ = {isa = PBXBuildFile; fileRef = 8C304CFF1F13AF0A00ACE585 /* Currency.m */; };
/* End PBXBuildFile section */

/* Begin PBXContainerItemProxy section */
		8C1FEFBE1F139F1E0024F046 /* PBXContainerItemProxy */ = {
			isa = PBXContainerItemProxy;
			containerPortal = 8C2E1CDC1F13818D00DB0FC2 /* Project object */;
			proxyType = 1;
			remoteGlobalIDString = 8C2E1CE31F13818D00DB0FC2;
			remoteInfo = Exchanger;
		};
		8C2E1CFE1F13818D00DB0FC2 /* PBXContainerItemProxy */ = {
			isa = PBXContainerItemProxy;
			containerPortal = 8C2E1CDC1F13818D00DB0FC2 /* Project object */;
			proxyType = 1;
			remoteGlobalIDString = 8C2E1CE31F13818D00DB0FC2;
			remoteInfo = Exchanger;
		};
		8C2E1D091F13818D00DB0FC2 /* PBXContainerItemProxy */ = {
			isa = PBXContainerItemProxy;
			containerPortal = 8C2E1CDC1F13818D00DB0FC2 /* Project object */;
			proxyType = 1;
			remoteGlobalIDString = 8C2E1CE31F13818D00DB0FC2;
			remoteInfo = Exchanger;
		};
/* End PBXContainerItemProxy section */

/* Begin PBXFileReference section */
		8C1FEFC31F13A2610024F046 /* lint.sh */ = {isa = PBXFileReference; explicitFileType = text.script.sh; fileEncoding = 4; path = lint.sh; sourceTree = "<group>"; };
		8C1FEFC91F13A76A0024F046 /* ServiceFactory.h */ = {isa = PBXFileReference; fileEncoding = 4; lastKnownFileType = sourcecode.c.h; name = ServiceFactory.h; path = Services/ServiceFactory.h; sourceTree = "<group>"; };
		8C1FEFCA1F13A76A0024F046 /* ServiceFactory.m */ = {isa = PBXFileReference; fileEncoding = 4; lastKnownFileType = sourcecode.c.objc; name = ServiceFactory.m; path = Services/ServiceFactory.m; sourceTree = "<group>"; };
		8C1FEFCD1F13A9CB0024F046 /* Cube.h */ = {isa = PBXFileReference; fileEncoding = 4; lastKnownFileType = sourcecode.c.h; name = Cube.h; path = Networking/Cube.h; sourceTree = "<group>"; };
		8C1FEFCE1F13A9CB0024F046 /* Cube.m */ = {isa = PBXFileReference; fileEncoding = 4; lastKnownFileType = sourcecode.c.objc; name = Cube.m; path = Networking/Cube.m; sourceTree = "<group>"; };
		8C2E1CE41F13818D00DB0FC2 /* Avito.app */ = {isa = PBXFileReference; explicitFileType = wrapper.application; includeInIndex = 0; path = Avito.app; sourceTree = BUILT_PRODUCTS_DIR; };
		8C2E1CE81F13818D00DB0FC2 /* main.m */ = {isa = PBXFileReference; lastKnownFileType = sourcecode.c.objc; path = main.m; sourceTree = "<group>"; };
		8C2E1CEA1F13818D00DB0FC2 /* AppDelegate.h */ = {isa = PBXFileReference; lastKnownFileType = sourcecode.c.h; path = AppDelegate.h; sourceTree = "<group>"; };
		8C2E1CEB1F13818D00DB0FC2 /* AppDelegate.m */ = {isa = PBXFileReference; lastKnownFileType = sourcecode.c.objc; path = AppDelegate.m; sourceTree = "<group>"; };
		8C2E1CED1F13818D00DB0FC2 /* ViewController.h */ = {isa = PBXFileReference; lastKnownFileType = sourcecode.c.h; path = ViewController.h; sourceTree = "<group>"; };
		8C2E1CEE1F13818D00DB0FC2 /* ViewController.m */ = {isa = PBXFileReference; lastKnownFileType = sourcecode.c.objc; path = ViewController.m; sourceTree = "<group>"; };
		8C2E1CF11F13818D00DB0FC2 /* Base */ = {isa = PBXFileReference; lastKnownFileType = file.storyboard; name = Base; path = Base.lproj/Main.storyboard; sourceTree = "<group>"; };
		8C2E1CF31F13818D00DB0FC2 /* Assets.xcassets */ = {isa = PBXFileReference; lastKnownFileType = folder.assetcatalog; path = Assets.xcassets; sourceTree = "<group>"; };
		8C2E1CF61F13818D00DB0FC2 /* Base */ = {isa = PBXFileReference; lastKnownFileType = file.storyboard; name = Base; path = Base.lproj/LaunchScreen.storyboard; sourceTree = "<group>"; };
		8C2E1CF81F13818D00DB0FC2 /* Info.plist */ = {isa = PBXFileReference; lastKnownFileType = text.plist.xml; path = Info.plist; sourceTree = "<group>"; };
		8C2E1CFD1F13818D00DB0FC2 /* ExchangerTests.xctest */ = {isa = PBXFileReference; explicitFileType = wrapper.cfbundle; includeInIndex = 0; path = ExchangerTests.xctest; sourceTree = BUILT_PRODUCTS_DIR; };
		8C2E1D011F13818D00DB0FC2 /* ExchangerTests.m */ = {isa = PBXFileReference; lastKnownFileType = sourcecode.c.objc; path = ExchangerTests.m; sourceTree = "<group>"; };
		8C2E1D031F13818D00DB0FC2 /* Info.plist */ = {isa = PBXFileReference; lastKnownFileType = text.plist.xml; path = Info.plist; sourceTree = "<group>"; };
		8C2E1D081F13818D00DB0FC2 /* ExchangerUITests.xctest */ = {isa = PBXFileReference; explicitFileType = wrapper.cfbundle; includeInIndex = 0; path = ExchangerUITests.xctest; sourceTree = BUILT_PRODUCTS_DIR; };
		8C2E1D0C1F13818D00DB0FC2 /* ExchangerUITests.m */ = {isa = PBXFileReference; lastKnownFileType = sourcecode.c.objc; path = ExchangerUITests.m; sourceTree = "<group>"; };
		8C2E1D0E1F13818D00DB0FC2 /* Info.plist */ = {isa = PBXFileReference; lastKnownFileType = text.plist.xml; path = Info.plist; sourceTree = "<group>"; };
		8C2E1D201F1391B000DB0FC2 /* readme */ = {isa = PBXFileReference; lastKnownFileType = text; path = readme; sourceTree = "<group>"; };
		8C304CFA1F13AC8300ACE585 /* CurrencyType.h */ = {isa = PBXFileReference; fileEncoding = 4; lastKnownFileType = sourcecode.c.h; name = CurrencyType.h; path = Networking/CurrencyType.h; sourceTree = "<group>"; };
		8C304CFB1F13ACAD00ACE585 /* CurrencyFormatter.h */ = {isa = PBXFileReference; fileEncoding = 4; lastKnownFileType = sourcecode.c.h; path = CurrencyFormatter.h; sourceTree = "<group>"; };
		8C304CFC1F13ACAD00ACE585 /* CurrencyFormatter.m */ = {isa = PBXFileReference; fileEncoding = 4; lastKnownFileType = sourcecode.c.objc; path = CurrencyFormatter.m; sourceTree = "<group>"; };
		8C304CFE1F13AF0A00ACE585 /* Currency.h */ = {isa = PBXFileReference; fileEncoding = 4; lastKnownFileType = sourcecode.c.h; path = Currency.h; sourceTree = "<group>"; };
		8C304CFF1F13AF0A00ACE585 /* Currency.m */ = {isa = PBXFileReference; fileEncoding = 4; lastKnownFileType = sourcecode.c.objc; path = Currency.m; sourceTree = "<group>"; };
/* End PBXFileReference section */

/* Begin PBXFrameworksBuildPhase section */
		8C2E1CE11F13818D00DB0FC2 /* Frameworks */ = {
			isa = PBXFrameworksBuildPhase;
			buildActionMask = 2147483647;
			files = (
			);
			runOnlyForDeploymentPostprocessing = 0;
		};
		8C2E1CFA1F13818D00DB0FC2 /* Frameworks */ = {
			isa = PBXFrameworksBuildPhase;
			buildActionMask = 2147483647;
			files = (
			);
			runOnlyForDeploymentPostprocessing = 0;
		};
		8C2E1D051F13818D00DB0FC2 /* Frameworks */ = {
			isa = PBXFrameworksBuildPhase;
			buildActionMask = 2147483647;
			files = (
			);
			runOnlyForDeploymentPostprocessing = 0;
		};
/* End PBXFrameworksBuildPhase section */

/* Begin PBXGroup section */
		8C1FEFC61F13A6C90024F046 /* Services */ = {
			isa = PBXGroup;
			children = (
				8C1FEFC91F13A76A0024F046 /* ServiceFactory.h */,
				8C1FEFCA1F13A76A0024F046 /* ServiceFactory.m */,
			);
			name = Services;
			sourceTree = "<group>";
		};
		8C1FEFCC1F13A90D0024F046 /* Networking */ = {
			isa = PBXGroup;
			children = (
				8C1FEFCD1F13A9CB0024F046 /* Cube.h */,
				8C1FEFCE1F13A9CB0024F046 /* Cube.m */,
				8C304CFA1F13AC8300ACE585 /* CurrencyType.h */,
				8C304CFB1F13ACAD00ACE585 /* CurrencyFormatter.h */,
				8C304CFC1F13ACAD00ACE585 /* CurrencyFormatter.m */,
				8C304CFE1F13AF0A00ACE585 /* Currency.h */,
				8C304CFF1F13AF0A00ACE585 /* Currency.m */,
			);
			name = Networking;
			sourceTree = "<group>";
		};
		8C2E1CDB1F13818D00DB0FC2 = {
			isa = PBXGroup;
			children = (
				8C2E1D201F1391B000DB0FC2 /* readme */,
				8C1FEFC31F13A2610024F046 /* lint.sh */,
				8C2E1CE61F13818D00DB0FC2 /* Exchanger */,
				8C2E1D001F13818D00DB0FC2 /* ExchangerTests */,
				8C2E1D0B1F13818D00DB0FC2 /* ExchangerUITests */,
				8C2E1CE51F13818D00DB0FC2 /* Products */,
			);
			sourceTree = "<group>";
		};
		8C2E1CE51F13818D00DB0FC2 /* Products */ = {
			isa = PBXGroup;
			children = (
				8C2E1CE41F13818D00DB0FC2 /* Avito.app */,
				8C2E1CFD1F13818D00DB0FC2 /* ExchangerTests.xctest */,
				8C2E1D081F13818D00DB0FC2 /* ExchangerUITests.xctest */,
			);
			name = Products;
			sourceTree = "<group>";
		};
		8C2E1CE61F13818D00DB0FC2 /* Exchanger */ = {
			isa = PBXGroup;
			children = (
				8C1FEFCC1F13A90D0024F046 /* Networking */,
				8C1FEFC61F13A6C90024F046 /* Services */,
				8C2E1CEA1F13818D00DB0FC2 /* AppDelegate.h */,
				8C2E1CEB1F13818D00DB0FC2 /* AppDelegate.m */,
				8C2E1CED1F13818D00DB0FC2 /* ViewController.h */,
				8C2E1CEE1F13818D00DB0FC2 /* ViewController.m */,
				8C2E1CF01F13818D00DB0FC2 /* Main.storyboard */,
				8C2E1CF31F13818D00DB0FC2 /* Assets.xcassets */,
				8C2E1CF51F13818D00DB0FC2 /* LaunchScreen.storyboard */,
				8C2E1CF81F13818D00DB0FC2 /* Info.plist */,
				8C2E1CE71F13818D00DB0FC2 /* Supporting Files */,
			);
			path = Exchanger;
			sourceTree = "<group>";
		};
		8C2E1CE71F13818D00DB0FC2 /* Supporting Files */ = {
			isa = PBXGroup;
			children = (
				8C2E1CE81F13818D00DB0FC2 /* main.m */,
			);
			name = "Supporting Files";
			sourceTree = "<group>";
		};
		8C2E1D001F13818D00DB0FC2 /* ExchangerTests */ = {
			isa = PBXGroup;
			children = (
				8C2E1D011F13818D00DB0FC2 /* ExchangerTests.m */,
				8C2E1D031F13818D00DB0FC2 /* Info.plist */,
			);
			path = ExchangerTests;
			sourceTree = "<group>";
		};
		8C2E1D0B1F13818D00DB0FC2 /* ExchangerUITests */ = {
			isa = PBXGroup;
			children = (
				8C2E1D0C1F13818D00DB0FC2 /* ExchangerUITests.m */,
				8C2E1D0E1F13818D00DB0FC2 /* Info.plist */,
			);
			path = ExchangerUITests;
			sourceTree = "<group>";
		};
/* End PBXGroup section */

/* Begin PBXNativeTarget section */
		8C2E1CE31F13818D00DB0FC2 /* Exchanger */ = {
			isa = PBXNativeTarget;
			buildConfigurationList = 8C2E1D111F13818D00DB0FC2 /* Build configuration list for PBXNativeTarget "Exchanger" */;
			buildPhases = (
				8C2E1CE01F13818D00DB0FC2 /* Sources */,
				8C2E1CE11F13818D00DB0FC2 /* Frameworks */,
				8C2E1CE21F13818D00DB0FC2 /* Resources */,
			);
			buildRules = (
			);
			dependencies = (
			);
			name = Exchanger;
			productName = Exchanger;
			productReference = 8C2E1CE41F13818D00DB0FC2 /* Avito.app */;
			productType = "com.apple.product-type.application";
		};
		8C2E1CFC1F13818D00DB0FC2 /* ExchangerTests */ = {
			isa = PBXNativeTarget;
			buildConfigurationList = 8C2E1D141F13818D00DB0FC2 /* Build configuration list for PBXNativeTarget "ExchangerTests" */;
			buildPhases = (
				8C2E1CF91F13818D00DB0FC2 /* Sources */,
				8C2E1CFA1F13818D00DB0FC2 /* Frameworks */,
				8C2E1CFB1F13818D00DB0FC2 /* Resources */,
			);
			buildRules = (
			);
			dependencies = (
				8C2E1CFF1F13818D00DB0FC2 /* PBXTargetDependency */,
			);
			name = ExchangerTests;
			productName = ExchangerTests;
			productReference = 8C2E1CFD1F13818D00DB0FC2 /* ExchangerTests.xctest */;
			productType = "com.apple.product-type.bundle.unit-test";
		};
		8C2E1D071F13818D00DB0FC2 /* ExchangerUITests */ = {
			isa = PBXNativeTarget;
			buildConfigurationList = 8C2E1D171F13818D00DB0FC2 /* Build configuration list for PBXNativeTarget "ExchangerUITests" */;
			buildPhases = (
				8C2E1D041F13818D00DB0FC2 /* Sources */,
				8C2E1D051F13818D00DB0FC2 /* Frameworks */,
				8C2E1D061F13818D00DB0FC2 /* Resources */,
			);
			buildRules = (
			);
			dependencies = (
				8C2E1D0A1F13818D00DB0FC2 /* PBXTargetDependency */,
			);
			name = ExchangerUITests;
			productName = ExchangerUITests;
			productReference = 8C2E1D081F13818D00DB0FC2 /* ExchangerUITests.xctest */;
			productType = "com.apple.product-type.bundle.ui-testing";
		};
/* End PBXNativeTarget section */

/* Begin PBXProject section */
		8C2E1CDC1F13818D00DB0FC2 /* Project object */ = {
			isa = PBXProject;
			attributes = {
				LastUpgradeCheck = 0820;
				ORGANIZATIONNAME = "Vladimir Kaltyrin";
				TargetAttributes = {
					8C2E1CE31F13818D00DB0FC2 = {
						CreatedOnToolsVersion = 8.2.1;
						DevelopmentTeam = 5PHGGKL9UQ;
						ProvisioningStyle = Automatic;
					};
					8C2E1CFC1F13818D00DB0FC2 = {
						CreatedOnToolsVersion = 8.2.1;
						ProvisioningStyle = Manual;
						TestTargetID = 8C2E1CE31F13818D00DB0FC2;
					};
					8C2E1D071F13818D00DB0FC2 = {
						CreatedOnToolsVersion = 8.2.1;
						DevelopmentTeam = 5PHGGKL9UQ;
						ProvisioningStyle = Automatic;
						TestTargetID = 8C2E1CE31F13818D00DB0FC2;
					};
					8C2E1D1A1F1384DE00DB0FC2 = {
						CreatedOnToolsVersion = 8.2.1;
						DevelopmentTeam = 5PHGGKL9UQ;
						ProvisioningStyle = Automatic;
					};
				};
			};
			buildConfigurationList = 8C2E1CDF1F13818D00DB0FC2 /* Build configuration list for PBXProject "Exchanger" */;
			compatibilityVersion = "Xcode 3.2";
			developmentRegion = English;
			hasScannedForEncodings = 0;
			knownRegions = (
				en,
				Base,
			);
			mainGroup = 8C2E1CDB1F13818D00DB0FC2;
			productRefGroup = 8C2E1CE51F13818D00DB0FC2 /* Products */;
			projectDirPath = "";
			projectRoot = "";
			targets = (
				8C2E1CE31F13818D00DB0FC2 /* Exchanger */,
				8C2E1CFC1F13818D00DB0FC2 /* ExchangerTests */,
				8C2E1D071F13818D00DB0FC2 /* ExchangerUITests */,
				8C2E1D1A1F1384DE00DB0FC2 /* OCLint */,
			);
		};
/* End PBXProject section */

/* Begin PBXResourcesBuildPhase section */
		8C2E1CE21F13818D00DB0FC2 /* Resources */ = {
			isa = PBXResourcesBuildPhase;
			buildActionMask = 2147483647;
			files = (
				8C2E1CF71F13818D00DB0FC2 /* LaunchScreen.storyboard in Resources */,
				8C2E1CF41F13818D00DB0FC2 /* Assets.xcassets in Resources */,
				8C2E1CF21F13818D00DB0FC2 /* Main.storyboard in Resources */,
			);
			runOnlyForDeploymentPostprocessing = 0;
		};
		8C2E1CFB1F13818D00DB0FC2 /* Resources */ = {
			isa = PBXResourcesBuildPhase;
			buildActionMask = 2147483647;
			files = (
			);
			runOnlyForDeploymentPostprocessing = 0;
		};
		8C2E1D061F13818D00DB0FC2 /* Resources */ = {
			isa = PBXResourcesBuildPhase;
			buildActionMask = 2147483647;
			files = (
			);
			runOnlyForDeploymentPostprocessing = 0;
		};
/* End PBXResourcesBuildPhase section */

/* Begin PBXShellScriptBuildPhase section */
		8C2E1D1E1F13907100DB0FC2 /* ShellScript */ = {
			isa = PBXShellScriptBuildPhase;
			buildActionMask = 2147483647;
			files = (
			);
			inputPaths = (
			);
			outputPaths = (
			);
			runOnlyForDeploymentPostprocessing = 0;
			shellPath = /bin/sh;
			shellScript = "sh ${SRCROOT}/lint.sh";
		};
/* End PBXShellScriptBuildPhase section */

/* Begin PBXSourcesBuildPhase section */
		8C2E1CE01F13818D00DB0FC2 /* Sources */ = {
			isa = PBXSourcesBuildPhase;
			buildActionMask = 2147483647;
			files = (
				8C1FEFCF1F13A9CB0024F046 /* Cube.m in Sources */,
				8C304CFD1F13ACAD00ACE585 /* CurrencyFormatter.m in Sources */,
				8C1FEFCB1F13A76A0024F046 /* ServiceFactory.m in Sources */,
				8C2E1CEF1F13818D00DB0FC2 /* ViewController.m in Sources */,
				8C2E1CEC1F13818D00DB0FC2 /* AppDelegate.m in Sources */,
				8C304D001F13AF0A00ACE585 /* Currency.m in Sources */,
				8C2E1CE91F13818D00DB0FC2 /* main.m in Sources */,
			);
			runOnlyForDeploymentPostprocessing = 0;
		};
		8C2E1CF91F13818D00DB0FC2 /* Sources */ = {
			isa = PBXSourcesBuildPhase;
			buildActionMask = 2147483647;
			files = (
				8C2E1D021F13818D00DB0FC2 /* ExchangerTests.m in Sources */,
			);
			runOnlyForDeploymentPostprocessing = 0;
		};
		8C2E1D041F13818D00DB0FC2 /* Sources */ = {
			isa = PBXSourcesBuildPhase;
			buildActionMask = 2147483647;
			files = (
				8C2E1D0D1F13818D00DB0FC2 /* ExchangerUITests.m in Sources */,
			);
			runOnlyForDeploymentPostprocessing = 0;
		};
/* End PBXSourcesBuildPhase section */

/* Begin PBXTargetDependency section */
		8C1FEFBF1F139F1E0024F046 /* PBXTargetDependency */ = {
			isa = PBXTargetDependency;
			target = 8C2E1CE31F13818D00DB0FC2 /* Exchanger */;
			targetProxy = 8C1FEFBE1F139F1E0024F046 /* PBXContainerItemProxy */;
		};
		8C2E1CFF1F13818D00DB0FC2 /* PBXTargetDependency */ = {
			isa = PBXTargetDependency;
			target = 8C2E1CE31F13818D00DB0FC2 /* Exchanger */;
			targetProxy = 8C2E1CFE1F13818D00DB0FC2 /* PBXContainerItemProxy */;
		};
		8C2E1D0A1F13818D00DB0FC2 /* PBXTargetDependency */ = {
			isa = PBXTargetDependency;
			target = 8C2E1CE31F13818D00DB0FC2 /* Exchanger */;
			targetProxy = 8C2E1D091F13818D00DB0FC2 /* PBXContainerItemProxy */;
		};
/* End PBXTargetDependency section */

/* Begin PBXVariantGroup section */
		8C2E1CF01F13818D00DB0FC2 /* Main.storyboard */ = {
			isa = PBXVariantGroup;
			children = (
				8C2E1CF11F13818D00DB0FC2 /* Base */,
			);
			name = Main.storyboard;
			sourceTree = "<group>";
		};
		8C2E1CF51F13818D00DB0FC2 /* LaunchScreen.storyboard */ = {
			isa = PBXVariantGroup;
			children = (
				8C2E1CF61F13818D00DB0FC2 /* Base */,
			);
			name = LaunchScreen.storyboard;
			sourceTree = "<group>";
		};
/* End PBXVariantGroup section */

/* Begin XCBuildConfiguration section */
		8C2E1D0F1F13818D00DB0FC2 /* Debug */ = {
			isa = XCBuildConfiguration;
			buildSettings = {
				ALWAYS_SEARCH_USER_PATHS = NO;
				CLANG_ANALYZER_NONNULL = YES;
				CLANG_CXX_LANGUAGE_STANDARD = "gnu++0x";
				CLANG_CXX_LIBRARY = "libc++";
				CLANG_ENABLE_MODULES = YES;
				CLANG_ENABLE_OBJC_ARC = YES;
				CLANG_WARN_BOOL_CONVERSION = YES;
				CLANG_WARN_CONSTANT_CONVERSION = YES;
				CLANG_WARN_DIRECT_OBJC_ISA_USAGE = YES_ERROR;
				CLANG_WARN_DOCUMENTATION_COMMENTS = YES;
				CLANG_WARN_EMPTY_BODY = YES;
				CLANG_WARN_ENUM_CONVERSION = YES;
				CLANG_WARN_INFINITE_RECURSION = YES;
				CLANG_WARN_INT_CONVERSION = YES;
				CLANG_WARN_OBJC_ROOT_CLASS = YES_ERROR;
				CLANG_WARN_SUSPICIOUS_MOVE = YES;
				CLANG_WARN_UNREACHABLE_CODE = YES;
				CLANG_WARN__DUPLICATE_METHOD_MATCH = YES;
				"CODE_SIGN_IDENTITY[sdk=iphoneos*]" = "iPhone Developer";
				COPY_PHASE_STRIP = NO;
				DEBUG_INFORMATION_FORMAT = dwarf;
				ENABLE_STRICT_OBJC_MSGSEND = YES;
				ENABLE_TESTABILITY = YES;
				GCC_C_LANGUAGE_STANDARD = gnu99;
				GCC_DYNAMIC_NO_PIC = NO;
				GCC_NO_COMMON_BLOCKS = YES;
				GCC_OPTIMIZATION_LEVEL = 0;
				GCC_PREPROCESSOR_DEFINITIONS = (
					"DEBUG=1",
					"$(inherited)",
				);
				GCC_WARN_64_TO_32_BIT_CONVERSION = YES;
				GCC_WARN_ABOUT_RETURN_TYPE = YES_ERROR;
				GCC_WARN_UNDECLARED_SELECTOR = YES;
				GCC_WARN_UNINITIALIZED_AUTOS = YES_AGGRESSIVE;
				GCC_WARN_UNUSED_FUNCTION = YES;
				GCC_WARN_UNUSED_VARIABLE = YES;
				IPHONEOS_DEPLOYMENT_TARGET = 8.0;
				MTL_ENABLE_DEBUG_INFO = YES;
				ONLY_ACTIVE_ARCH = YES;
				SDKROOT = iphoneos;
				TARGETED_DEVICE_FAMILY = "1,2";
			};
			name = Debug;
		};
		8C2E1D101F13818D00DB0FC2 /* Release */ = {
			isa = XCBuildConfiguration;
			buildSettings = {
				ALWAYS_SEARCH_USER_PATHS = NO;
				CLANG_ANALYZER_NONNULL = YES;
				CLANG_CXX_LANGUAGE_STANDARD = "gnu++0x";
				CLANG_CXX_LIBRARY = "libc++";
				CLANG_ENABLE_MODULES = YES;
				CLANG_ENABLE_OBJC_ARC = YES;
				CLANG_WARN_BOOL_CONVERSION = YES;
				CLANG_WARN_CONSTANT_CONVERSION = YES;
				CLANG_WARN_DIRECT_OBJC_ISA_USAGE = YES_ERROR;
				CLANG_WARN_DOCUMENTATION_COMMENTS = YES;
				CLANG_WARN_EMPTY_BODY = YES;
				CLANG_WARN_ENUM_CONVERSION = YES;
				CLANG_WARN_INFINITE_RECURSION = YES;
				CLANG_WARN_INT_CONVERSION = YES;
				CLANG_WARN_OBJC_ROOT_CLASS = YES_ERROR;
				CLANG_WARN_SUSPICIOUS_MOVE = YES;
				CLANG_WARN_UNREACHABLE_CODE = YES;
				CLANG_WARN__DUPLICATE_METHOD_MATCH = YES;
				"CODE_SIGN_IDENTITY[sdk=iphoneos*]" = "iPhone Developer";
				COPY_PHASE_STRIP = NO;
				DEBUG_INFORMATION_FORMAT = "dwarf-with-dsym";
				ENABLE_NS_ASSERTIONS = NO;
				ENABLE_STRICT_OBJC_MSGSEND = YES;
				GCC_C_LANGUAGE_STANDARD = gnu99;
				GCC_NO_COMMON_BLOCKS = YES;
				GCC_WARN_64_TO_32_BIT_CONVERSION = YES;
				GCC_WARN_ABOUT_RETURN_TYPE = YES_ERROR;
				GCC_WARN_UNDECLARED_SELECTOR = YES;
				GCC_WARN_UNINITIALIZED_AUTOS = YES_AGGRESSIVE;
				GCC_WARN_UNUSED_FUNCTION = YES;
				GCC_WARN_UNUSED_VARIABLE = YES;
				IPHONEOS_DEPLOYMENT_TARGET = 8.0;
				MTL_ENABLE_DEBUG_INFO = NO;
				SDKROOT = iphoneos;
				TARGETED_DEVICE_FAMILY = "1,2";
				VALIDATE_PRODUCT = YES;
			};
			name = Release;
		};
		8C2E1D121F13818D00DB0FC2 /* Debug */ = {
			isa = XCBuildConfiguration;
			buildSettings = {
				ASSETCATALOG_COMPILER_APPICON_NAME = AppIcon;
				"CODE_SIGN_IDENTITY[sdk=iphoneos*]" = "iPhone Developer";
				DEVELOPMENT_TEAM = 5PHGGKL9UQ;
				INFOPLIST_FILE = Exchanger/Info.plist;
				LD_RUNPATH_SEARCH_PATHS = "$(inherited) @executable_path/Frameworks";
				PRODUCT_BUNDLE_IDENTIFIER = ru.avito.app;
				PRODUCT_NAME = Avito;
				PROVISIONING_PROFILE = "";
				PROVISIONING_PROFILE_SPECIFIER = "";
			};
			name = Debug;
		};
		8C2E1D131F13818D00DB0FC2 /* Release */ = {
			isa = XCBuildConfiguration;
			buildSettings = {
				ASSETCATALOG_COMPILER_APPICON_NAME = AppIcon;
				"CODE_SIGN_IDENTITY[sdk=iphoneos*]" = "iPhone Developer";
				DEVELOPMENT_TEAM = 5PHGGKL9UQ;
				INFOPLIST_FILE = Exchanger/Info.plist;
				LD_RUNPATH_SEARCH_PATHS = "$(inherited) @executable_path/Frameworks";
				PRODUCT_BUNDLE_IDENTIFIER = ru.avito.app;
				PRODUCT_NAME = Avito;
				PROVISIONING_PROFILE_SPECIFIER = "";
			};
			name = Release;
		};
		8C2E1D151F13818D00DB0FC2 /* Debug */ = {
			isa = XCBuildConfiguration;
			buildSettings = {
				BUNDLE_LOADER = "$(TEST_HOST)";
				DEVELOPMENT_TEAM = "";
				INFOPLIST_FILE = ExchangerTests/Info.plist;
				LD_RUNPATH_SEARCH_PATHS = "$(inherited) @executable_path/Frameworks @loader_path/Frameworks";
				PRODUCT_BUNDLE_IDENTIFIER = vkaltyrin.ExchangerTests;
				PRODUCT_NAME = "$(TARGET_NAME)";
				TEST_HOST = "$(BUILT_PRODUCTS_DIR)/Exchanger.app/Exchanger";
			};
			name = Debug;
		};
		8C2E1D161F13818D00DB0FC2 /* Release */ = {
			isa = XCBuildConfiguration;
			buildSettings = {
				BUNDLE_LOADER = "$(TEST_HOST)";
				DEVELOPMENT_TEAM = "";
				INFOPLIST_FILE = ExchangerTests/Info.plist;
				LD_RUNPATH_SEARCH_PATHS = "$(inherited) @executable_path/Frameworks @loader_path/Frameworks";
				PRODUCT_BUNDLE_IDENTIFIER = vkaltyrin.ExchangerTests;
				PRODUCT_NAME = "$(TARGET_NAME)";
				TEST_HOST = "$(BUILT_PRODUCTS_DIR)/Exchanger.app/Exchanger";
			};
			name = Release;
		};
		8C2E1D181F13818D00DB0FC2 /* Debug */ = {
			isa = XCBuildConfiguration;
			buildSettings = {
				DEVELOPMENT_TEAM = 5PHGGKL9UQ;
				INFOPLIST_FILE = ExchangerUITests/Info.plist;
				LD_RUNPATH_SEARCH_PATHS = "$(inherited) @executable_path/Frameworks @loader_path/Frameworks";
				PRODUCT_BUNDLE_IDENTIFIER = vkaltyrin.ExchangerUITests;
				PRODUCT_NAME = "$(TARGET_NAME)";
				TEST_TARGET_NAME = Exchanger;
			};
			name = Debug;
		};
		8C2E1D191F13818D00DB0FC2 /* Release */ = {
			isa = XCBuildConfiguration;
			buildSettings = {
				DEVELOPMENT_TEAM = 5PHGGKL9UQ;
				INFOPLIST_FILE = ExchangerUITests/Info.plist;
				LD_RUNPATH_SEARCH_PATHS = "$(inherited) @executable_path/Frameworks @loader_path/Frameworks";
				PRODUCT_BUNDLE_IDENTIFIER = vkaltyrin.ExchangerUITests;
				PRODUCT_NAME = "$(TARGET_NAME)";
				TEST_TARGET_NAME = Exchanger;
			};
			name = Release;
		};
		8C2E1D1B1F1384DF00DB0FC2 /* Debug */ = {
			isa = XCBuildConfiguration;
			buildSettings = {
				DEVELOPMENT_TEAM = 5PHGGKL9UQ;
				PRODUCT_NAME = "$(TARGET_NAME)";
			};
			name = Debug;
		};
		8C2E1D1C1F1384DF00DB0FC2 /* Release */ = {
			isa = XCBuildConfiguration;
			buildSettings = {
				DEVELOPMENT_TEAM = 5PHGGKL9UQ;
				PRODUCT_NAME = "$(TARGET_NAME)";
			};
			name = Release;
		};
/* End XCBuildConfiguration section */

/* Begin XCConfigurationList section */
		8C2E1CDF1F13818D00DB0FC2 /* Build configuration list for PBXProject "Exchanger" */ = {
			isa = XCConfigurationList;
			buildConfigurations = (
				8C2E1D0F1F13818D00DB0FC2 /* Debug */,
				8C2E1D101F13818D00DB0FC2 /* Release */,
			);
			defaultConfigurationIsVisible = 0;
			defaultConfigurationName = Release;
		};
		8C2E1D111F13818D00DB0FC2 /* Build configuration list for PBXNativeTarget "Exchanger" */ = {
			isa = XCConfigurationList;
			buildConfigurations = (
				8C2E1D121F13818D00DB0FC2 /* Debug */,
				8C2E1D131F13818D00DB0FC2 /* Release */,
			);
			defaultConfigurationIsVisible = 0;
			defaultConfigurationName = Release;
		};
		8C2E1D141F13818D00DB0FC2 /* Build configuration list for PBXNativeTarget "ExchangerTests" */ = {
			isa = XCConfigurationList;
			buildConfigurations = (
				8C2E1D151F13818D00DB0FC2 /* Debug */,
				8C2E1D161F13818D00DB0FC2 /* Release */,
			);
			defaultConfigurationIsVisible = 0;
			defaultConfigurationName = Release;
		};
		8C2E1D171F13818D00DB0FC2 /* Build configuration list for PBXNativeTarget "ExchangerUITests" */ = {
			isa = XCConfigurationList;
			buildConfigurations = (
				8C2E1D181F13818D00DB0FC2 /* Debug */,
				8C2E1D191F13818D00DB0FC2 /* Release */,
			);
			defaultConfigurationIsVisible = 0;
			defaultConfigurationName = Release;
		};
		8C2E1D1D1F1384DF00DB0FC2 /* Build configuration list for PBXAggregateTarget "OCLint" */ = {
			isa = XCConfigurationList;
			buildConfigurations = (
				8C2E1D1B1F1384DF00DB0FC2 /* Debug */,
				8C2E1D1C1F1384DF00DB0FC2 /* Release */,
			);
			defaultConfigurationIsVisible = 0;
			defaultConfigurationName = Release;
		};
/* End XCConfigurationList section */
	};
	rootObject = 8C2E1CDC1F13818D00DB0FC2 /* Project object */;
}
