// !$*UTF8*$!
{
	archiveVersion = 1;
	classes = {
	};
	objectVersion = 46;
	objects = {

/* Begin PBXAggregateTarget section */
		8C2E1D1A1F1384DE00DB0FC2 /* OCLint */ = {
			isa = PBXAggregateTarget;
			buildConfigurationList = 8C2E1D1D1F1384DF00DB0FC2 /* Build configuration list for PBXAggregateTarget "OCLint" */;
			buildPhases = (
				8C2E1D1E1F13907100DB0FC2 /* ShellScript */,
			);
			dependencies = (
				8C1FEFBF1F139F1E0024F046 /* PBXTargetDependency */,
			);
			name = OCLint;
			productName = OCLint;
		};
/* End PBXAggregateTarget section */

/* Begin PBXBuildFile section */
		2D9A60EAD27A2EFF8A0EA557 /* libPods-Exchanger.a in Frameworks */ = {isa = PBXBuildFile; fileRef = A46A0D61B3F31B4C0C77D2B7 /* libPods-Exchanger.a */; };
		68C8AC0CEC9D9ED7064AFBD1 /* libPods-ExchangerTests.a in Frameworks */ = {isa = PBXBuildFile; fileRef = 065BDAA0B52E5D049A00B783 /* libPods-ExchangerTests.a */; };
		8C076B9F1FD03DF4003F4D42 /* DisposeBag.m in Sources */ = {isa = PBXBuildFile; fileRef = 8C076B9E1FD03DF4003F4D42 /* DisposeBag.m */; };
		8C076BA71FD150FA003F4D42 /* Wallet.m in Sources */ = {isa = PBXBuildFile; fileRef = 8C076BA61FD150FA003F4D42 /* Wallet.m */; };
		8C1FEFCB1F13A76A0024F046 /* ServiceFactoryImpl.m in Sources */ = {isa = PBXBuildFile; fileRef = 8C1FEFCA1F13A76A0024F046 /* ServiceFactoryImpl.m */; };
		8C2E1CF41F13818D00DB0FC2 /* Assets.xcassets in Resources */ = {isa = PBXBuildFile; fileRef = 8C2E1CF31F13818D00DB0FC2 /* Assets.xcassets */; };
		8C2E1D021F13818D00DB0FC2 /* ExchangerTests.m in Sources */ = {isa = PBXBuildFile; fileRef = 8C2E1D011F13818D00DB0FC2 /* ExchangerTests.m */; };
		8C2E1D0D1F13818D00DB0FC2 /* ExchangerUITests.m in Sources */ = {isa = PBXBuildFile; fileRef = 8C2E1D0C1F13818D00DB0FC2 /* ExchangerUITests.m */; };
		8C36E9891F261B4F009BDDC0 /* UIView+Properties.m in Sources */ = {isa = PBXBuildFile; fileRef = 8C36E9881F261B4F009BDDC0 /* UIView+Properties.m */; };
		8C36E9921F2634C9009BDDC0 /* BaseViewController.m in Sources */ = {isa = PBXBuildFile; fileRef = 8C36E9911F2634C9009BDDC0 /* BaseViewController.m */; };
		8C36E99B1F2653D8009BDDC0 /* ExchangeRatesResponse.m in Sources */ = {isa = PBXBuildFile; fileRef = 8C36E99A1F2653D8009BDDC0 /* ExchangeRatesResponse.m */; };
		8C43EB6D1FA1EC1900EE87FD /* ExchangeMoneyViewData.m in Sources */ = {isa = PBXBuildFile; fileRef = 8C43EB6C1FA1EC1800EE87FD /* ExchangeMoneyViewData.m */; };
		8C45F6501FD01B8A005B3892 /* IntroAssemblyImpl.m in Sources */ = {isa = PBXBuildFile; fileRef = 8C45F64F1FD01B8A005B3892 /* IntroAssemblyImpl.m */; };
		8C45F6571FD01CD2005B3892 /* IntroViewController.m in Sources */ = {isa = PBXBuildFile; fileRef = 8C45F6561FD01CD2005B3892 /* IntroViewController.m */; };
		8C45F65A1FD01D1C005B3892 /* IntroView.m in Sources */ = {isa = PBXBuildFile; fileRef = 8C45F6591FD01D1C005B3892 /* IntroView.m */; };
		8C45F6601FD01DE4005B3892 /* IntroPresenter.m in Sources */ = {isa = PBXBuildFile; fileRef = 8C45F65F1FD01DE4005B3892 /* IntroPresenter.m */; };
		8C45F6631FD01E2D005B3892 /* IntroInteractorImpl.m in Sources */ = {isa = PBXBuildFile; fileRef = 8C45F6621FD01E2D005B3892 /* IntroInteractorImpl.m */; };
		8C45F6661FD01F17005B3892 /* IntroRouterImpl.m in Sources */ = {isa = PBXBuildFile; fileRef = 8C45F6651FD01F17005B3892 /* IntroRouterImpl.m */; };
		8C45F6691FD02EA7005B3892 /* BaseUIKitRouter.m in Sources */ = {isa = PBXBuildFile; fileRef = 8C45F6681FD02EA7005B3892 /* BaseUIKitRouter.m */; };
		8C45F66C1FD03222005B3892 /* BaseRouter.m in Sources */ = {isa = PBXBuildFile; fileRef = 8C45F66B1FD03222005B3892 /* BaseRouter.m */; };
		8C6423491FA0747500A95479 /* GalleryPreviewView.m in Sources */ = {isa = PBXBuildFile; fileRef = 8C6423481FA0747500A95479 /* GalleryPreviewView.m */; };
		8C64234C1FA0753500A95479 /* GalleryPreviewController.m in Sources */ = {isa = PBXBuildFile; fileRef = 8C64234B1FA0753500A95479 /* GalleryPreviewController.m */; };
		8C6423521FA0757600A95479 /* GalleryPreviewPageController.m in Sources */ = {isa = PBXBuildFile; fileRef = 8C6423511FA0757600A95479 /* GalleryPreviewPageController.m */; };
		8C6423551FA0758C00A95479 /* GalleryPreviewPage.m in Sources */ = {isa = PBXBuildFile; fileRef = 8C6423541FA0758B00A95479 /* GalleryPreviewPage.m */; };
		8C6423581FA075AC00A95479 /* GalleryPreviewPageIndicator.m in Sources */ = {isa = PBXBuildFile; fileRef = 8C6423571FA075AC00A95479 /* GalleryPreviewPageIndicator.m */; };
		8C64235B1FA0761400A95479 /* GalleryPreviewPageData.m in Sources */ = {isa = PBXBuildFile; fileRef = 8C64235A1FA0761300A95479 /* GalleryPreviewPageData.m */; };
		8C64235E1FA0793F00A95479 /* ObservableImageView.m in Sources */ = {isa = PBXBuildFile; fileRef = 8C64235D1FA0793F00A95479 /* ObservableImageView.m */; };
		8C6423611FA091D000A95479 /* GalleryPreviewData.m in Sources */ = {isa = PBXBuildFile; fileRef = 8C6423601FA091D000A95479 /* GalleryPreviewData.m */; };
		8C6423641FA0966500A95479 /* MoveFailableLongPressGestureRecognizer.m in Sources */ = {isa = PBXBuildFile; fileRef = 8C6423631FA0966500A95479 /* MoveFailableLongPressGestureRecognizer.m */; };
		8C6423711FA0B23C00A95479 /* ObservableTextField.m in Sources */ = {isa = PBXBuildFile; fileRef = 8C6423701FA0B23C00A95479 /* ObservableTextField.m */; };
		8C6423761FA0BB7400A95479 /* CurrencyRateCell.m in Sources */ = {isa = PBXBuildFile; fileRef = 8C6423751FA0BB7400A95479 /* CurrencyRateCell.m */; };
		8C73267C1F3B345000301720 /* KeyboardData.m in Sources */ = {isa = PBXBuildFile; fileRef = 8C73267B1F3B345000301720 /* KeyboardData.m */; };
		8C73267E1F3C80B100301720 /* LaunchScreen.storyboard in Resources */ = {isa = PBXBuildFile; fileRef = 8C73267D1F3C80B100301720 /* LaunchScreen.storyboard */; };
		8C7326831F3C8D5800301720 /* UserServiceImpl.m in Sources */ = {isa = PBXBuildFile; fileRef = 8C7326821F3C8D5800301720 /* UserServiceImpl.m */; };
		8C94B4DA1F3DEB8700B2B9FC /* UIViewController+Extensions.m in Sources */ = {isa = PBXBuildFile; fileRef = 8C94B4D91F3DEB8700B2B9FC /* UIViewController+Extensions.m */; };
		8C94B4DD1F3DFD5E00B2B9FC /* TextField.m in Sources */ = {isa = PBXBuildFile; fileRef = 8C94B4DC1F3DFD5E00B2B9FC /* TextField.m */; };
		8C94B4E01F3E10C600B2B9FC /* BarButton.m in Sources */ = {isa = PBXBuildFile; fileRef = 8C94B4DF1F3E10C600B2B9FC /* BarButton.m */; };
		8C94B4E61F3E162B00B2B9FC /* ExchangeMoneyTitleView.m in Sources */ = {isa = PBXBuildFile; fileRef = 8C94B4E51F3E162B00B2B9FC /* ExchangeMoneyTitleView.m */; };
		8CC705F61F27CBDA008770E2 /* CurrencyFormatterTests.m in Sources */ = {isa = PBXBuildFile; fileRef = 8CC705F51F27CBDA008770E2 /* CurrencyFormatterTests.m */; };
		8CC705FA1F27CF51008770E2 /* ExchangeRatesData.m in Sources */ = {isa = PBXBuildFile; fileRef = 8CC705F91F27CF51008770E2 /* ExchangeRatesData.m */; };
		8CD786161F14F21F00AF7A8D /* ExchangeMoneyAssemblyImpl.m in Sources */ = {isa = PBXBuildFile; fileRef = 8CD786151F14F21F00AF7A8D /* ExchangeMoneyAssemblyImpl.m */; };
		8CD7861A1F14F22600AF7A8D /* ExchangeMoneyInteractorImpl.m in Sources */ = {isa = PBXBuildFile; fileRef = 8CD786191F14F22600AF7A8D /* ExchangeMoneyInteractorImpl.m */; };
		8CD786201F14F22D00AF7A8D /* ExchangeMoneyPresenter.m in Sources */ = {isa = PBXBuildFile; fileRef = 8CD7861E1F14F22D00AF7A8D /* ExchangeMoneyPresenter.m */; };
		8CD786251F14F23400AF7A8D /* ExchangeMoneyView.m in Sources */ = {isa = PBXBuildFile; fileRef = 8CD786221F14F23400AF7A8D /* ExchangeMoneyView.m */; };
		8CD786261F14F23400AF7A8D /* ExchangeMoneyViewController.m in Sources */ = {isa = PBXBuildFile; fileRef = 8CD786241F14F23400AF7A8D /* ExchangeMoneyViewController.m */; };
		8CD786291F14F23C00AF7A8D /* ExchangeMoneyRouter.m in Sources */ = {isa = PBXBuildFile; fileRef = 8CD786281F14F23C00AF7A8D /* ExchangeMoneyRouter.m */; };
		8CD7862F1F14F24600AF7A8D /* ExchangeRatesServiceImpl.m in Sources */ = {isa = PBXBuildFile; fileRef = 8CD7862D1F14F24600AF7A8D /* ExchangeRatesServiceImpl.m */; };
		8CD786331F14F26700AF7A8D /* ExchangeRatesUpdaterImpl.m in Sources */ = {isa = PBXBuildFile; fileRef = 8CD786321F14F26700AF7A8D /* ExchangeRatesUpdaterImpl.m */; };
		8CD786391F14F27F00AF7A8D /* ExchangeMoneyService.m in Sources */ = {isa = PBXBuildFile; fileRef = 8CD786361F14F27F00AF7A8D /* ExchangeMoneyService.m */; };
		8CD7863E1F14F29000AF7A8D /* XMLParserImpl.m in Sources */ = {isa = PBXBuildFile; fileRef = 8CD7863D1F14F29000AF7A8D /* XMLParserImpl.m */; };
		8CD786421F14F2A000AF7A8D /* CurrencyFormatter.m in Sources */ = {isa = PBXBuildFile; fileRef = 8CD786411F14F2A000AF7A8D /* CurrencyFormatter.m */; };
		8CD786491F14F2B800AF7A8D /* Currency.m in Sources */ = {isa = PBXBuildFile; fileRef = 8CD786441F14F2B800AF7A8D /* Currency.m */; };
		8CD7864E1F14F32600AF7A8D /* User.m in Sources */ = {isa = PBXBuildFile; fileRef = 8CD7864D1F14F32600AF7A8D /* User.m */; };
		8CD786531F14F7B700AF7A8D /* BaseAssembly.m in Sources */ = {isa = PBXBuildFile; fileRef = 8CD786521F14F7B700AF7A8D /* BaseAssembly.m */; };
		8CD786561F14F82000AF7A8D /* AssemblySeed.m in Sources */ = {isa = PBXBuildFile; fileRef = 8CD786551F14F82000AF7A8D /* AssemblySeed.m */; };
		8CD786591F14F86100AF7A8D /* AssemblyFactoryImpl.m in Sources */ = {isa = PBXBuildFile; fileRef = 8CD786581F14F86100AF7A8D /* AssemblyFactoryImpl.m */; };
		8CF964171F165C24009852B9 /* AssembledViewController.m in Sources */ = {isa = PBXBuildFile; fileRef = 8CF964161F165C24009852B9 /* AssembledViewController.m */; };
		8CF9641C1F165C31009852B9 /* AppDelegate.m in Sources */ = {isa = PBXBuildFile; fileRef = 8CF964191F165C31009852B9 /* AppDelegate.m */; };
		8CF9641D1F165C31009852B9 /* Info.plist in Resources */ = {isa = PBXBuildFile; fileRef = 8CF9641A1F165C31009852B9 /* Info.plist */; };
		8CF9641E1F165C31009852B9 /* main.m in Sources */ = {isa = PBXBuildFile; fileRef = 8CF9641B1F165C31009852B9 /* main.m */; };
		8CF9643D1F17D84E009852B9 /* KeyboardObserverImpl.m in Sources */ = {isa = PBXBuildFile; fileRef = 8CF9643C1F17D84E009852B9 /* KeyboardObserverImpl.m */; };
		8CF964481F1CC4EE009852B9 /* ExchangeMoneyPageViewController.m in Sources */ = {isa = PBXBuildFile; fileRef = 8CF964471F1CC4EE009852B9 /* ExchangeMoneyPageViewController.m */; };
		8CF9644B1F1CC81D009852B9 /* ExchangeMoneyCurrencyViewController.m in Sources */ = {isa = PBXBuildFile; fileRef = 8CF9644A1F1CC81D009852B9 /* ExchangeMoneyCurrencyViewController.m */; };
		8CF964511F1CCC0D009852B9 /* ExchangeMoneyCurrencyViewData.m in Sources */ = {isa = PBXBuildFile; fileRef = 8CF964501F1CCC0D009852B9 /* ExchangeMoneyCurrencyViewData.m */; };
		8CF964541F1CCECA009852B9 /* ExchangeMoneyBalanceViewData.m in Sources */ = {isa = PBXBuildFile; fileRef = 8CF964531F1CCECA009852B9 /* ExchangeMoneyBalanceViewData.m */; };
		8CF9645A1F1CD11B009852B9 /* ExchangeMoneyCurrencyView.m in Sources */ = {isa = PBXBuildFile; fileRef = 8CF964591F1CD11B009852B9 /* ExchangeMoneyCurrencyView.m */; };
		F4B97656FC1AA746D81776B8 /* libPods-ExchangerUITests.a in Frameworks */ = {isa = PBXBuildFile; fileRef = 228D4FAA2C2C7FB35FC8A6FF /* libPods-ExchangerUITests.a */; };
/* End PBXBuildFile section */

/* Begin PBXContainerItemProxy section */
		8C1FEFBE1F139F1E0024F046 /* PBXContainerItemProxy */ = {
			isa = PBXContainerItemProxy;
			containerPortal = 8C2E1CDC1F13818D00DB0FC2 /* Project object */;
			proxyType = 1;
			remoteGlobalIDString = 8C2E1CE31F13818D00DB0FC2;
			remoteInfo = Exchanger;
		};
		8C2E1CFE1F13818D00DB0FC2 /* PBXContainerItemProxy */ = {
			isa = PBXContainerItemProxy;
			containerPortal = 8C2E1CDC1F13818D00DB0FC2 /* Project object */;
			proxyType = 1;
			remoteGlobalIDString = 8C2E1CE31F13818D00DB0FC2;
			remoteInfo = Exchanger;
		};
		8C2E1D091F13818D00DB0FC2 /* PBXContainerItemProxy */ = {
			isa = PBXContainerItemProxy;
			containerPortal = 8C2E1CDC1F13818D00DB0FC2 /* Project object */;
			proxyType = 1;
			remoteGlobalIDString = 8C2E1CE31F13818D00DB0FC2;
			remoteInfo = Exchanger;
		};
/* End PBXContainerItemProxy section */

/* Begin PBXFileReference section */
		065BDAA0B52E5D049A00B783 /* libPods-ExchangerTests.a */ = {isa = PBXFileReference; explicitFileType = archive.ar; includeInIndex = 0; path = "libPods-ExchangerTests.a"; sourceTree = BUILT_PRODUCTS_DIR; };
		228D4FAA2C2C7FB35FC8A6FF /* libPods-ExchangerUITests.a */ = {isa = PBXFileReference; explicitFileType = archive.ar; includeInIndex = 0; path = "libPods-ExchangerUITests.a"; sourceTree = BUILT_PRODUCTS_DIR; };
		6A61991DAEB98C839D7E3370 /* Pods-Exchanger.release.xcconfig */ = {isa = PBXFileReference; includeInIndex = 1; lastKnownFileType = text.xcconfig; name = "Pods-Exchanger.release.xcconfig"; path = "Pods/Target Support Files/Pods-Exchanger/Pods-Exchanger.release.xcconfig"; sourceTree = "<group>"; };
		72F62204F1A8827488E4665A /* Pods-ExchangerTests.debug.xcconfig */ = {isa = PBXFileReference; includeInIndex = 1; lastKnownFileType = text.xcconfig; name = "Pods-ExchangerTests.debug.xcconfig"; path = "Pods/Target Support Files/Pods-ExchangerTests/Pods-ExchangerTests.debug.xcconfig"; sourceTree = "<group>"; };
		8C076B9D1FD03DF4003F4D42 /* DisposeBag.h */ = {isa = PBXFileReference; lastKnownFileType = sourcecode.c.h; name = DisposeBag.h; path = Core/DisposeBag.h; sourceTree = "<group>"; };
		8C076B9E1FD03DF4003F4D42 /* DisposeBag.m */ = {isa = PBXFileReference; lastKnownFileType = sourcecode.c.objc; name = DisposeBag.m; path = Core/DisposeBag.m; sourceTree = "<group>"; };
		8C076BA01FD03EFA003F4D42 /* DisposeBagHolder.h */ = {isa = PBXFileReference; lastKnownFileType = sourcecode.c.h; name = DisposeBagHolder.h; path = Protocols/DisposeBagHolder.h; sourceTree = "<group>"; };
		8C076BA11FD042D7003F4D42 /* ServiceFactory.h */ = {isa = PBXFileReference; lastKnownFileType = sourcecode.c.h; name = ServiceFactory.h; path = Services/ServiceFactory.h; sourceTree = "<group>"; };
		8C076BA51FD150FA003F4D42 /* Wallet.h */ = {isa = PBXFileReference; lastKnownFileType = sourcecode.c.h; name = Wallet.h; path = Networking/Wallet.h; sourceTree = "<group>"; };
		8C076BA61FD150FA003F4D42 /* Wallet.m */ = {isa = PBXFileReference; lastKnownFileType = sourcecode.c.objc; name = Wallet.m; path = Networking/Wallet.m; sourceTree = "<group>"; };
		8C1FEFC31F13A2610024F046 /* lint.sh */ = {isa = PBXFileReference; explicitFileType = text.script.sh; fileEncoding = 4; path = lint.sh; sourceTree = "<group>"; };
		8C1FEFC91F13A76A0024F046 /* ServiceFactoryImpl.h */ = {isa = PBXFileReference; fileEncoding = 4; lastKnownFileType = sourcecode.c.h; name = ServiceFactoryImpl.h; path = Services/ServiceFactoryImpl.h; sourceTree = "<group>"; };
		8C1FEFCA1F13A76A0024F046 /* ServiceFactoryImpl.m */ = {isa = PBXFileReference; fileEncoding = 4; lastKnownFileType = sourcecode.c.objc; name = ServiceFactoryImpl.m; path = Services/ServiceFactoryImpl.m; sourceTree = "<group>"; };
		8C2E1CE41F13818D00DB0FC2 /* Avito.app */ = {isa = PBXFileReference; explicitFileType = wrapper.application; includeInIndex = 0; path = Avito.app; sourceTree = BUILT_PRODUCTS_DIR; };
		8C2E1CF31F13818D00DB0FC2 /* Assets.xcassets */ = {isa = PBXFileReference; lastKnownFileType = folder.assetcatalog; path = Assets.xcassets; sourceTree = "<group>"; };
		8C2E1CFD1F13818D00DB0FC2 /* ExchangerTests.xctest */ = {isa = PBXFileReference; explicitFileType = wrapper.cfbundle; includeInIndex = 0; path = ExchangerTests.xctest; sourceTree = BUILT_PRODUCTS_DIR; };
		8C2E1D011F13818D00DB0FC2 /* ExchangerTests.m */ = {isa = PBXFileReference; lastKnownFileType = sourcecode.c.objc; path = ExchangerTests.m; sourceTree = "<group>"; };
		8C2E1D031F13818D00DB0FC2 /* Info.plist */ = {isa = PBXFileReference; lastKnownFileType = text.plist.xml; path = Info.plist; sourceTree = "<group>"; };
		8C2E1D081F13818D00DB0FC2 /* ExchangerUITests.xctest */ = {isa = PBXFileReference; explicitFileType = wrapper.cfbundle; includeInIndex = 0; path = ExchangerUITests.xctest; sourceTree = BUILT_PRODUCTS_DIR; };
		8C2E1D0C1F13818D00DB0FC2 /* ExchangerUITests.m */ = {isa = PBXFileReference; lastKnownFileType = sourcecode.c.objc; path = ExchangerUITests.m; sourceTree = "<group>"; };
		8C2E1D0E1F13818D00DB0FC2 /* Info.plist */ = {isa = PBXFileReference; lastKnownFileType = text.plist.xml; path = Info.plist; sourceTree = "<group>"; };
		8C2E1D201F1391B000DB0FC2 /* readme */ = {isa = PBXFileReference; lastKnownFileType = text; path = readme; sourceTree = "<group>"; };
		8C304CFA1F13AC8300ACE585 /* CurrencyType.h */ = {isa = PBXFileReference; fileEncoding = 4; lastKnownFileType = sourcecode.c.h; name = CurrencyType.h; path = Networking/CurrencyType.h; sourceTree = "<group>"; };
		8C36E9871F261B4F009BDDC0 /* UIView+Properties.h */ = {isa = PBXFileReference; fileEncoding = 4; lastKnownFileType = sourcecode.c.h; name = "UIView+Properties.h"; path = "Categories/UIView+Properties.h"; sourceTree = "<group>"; };
		8C36E9881F261B4F009BDDC0 /* UIView+Properties.m */ = {isa = PBXFileReference; fileEncoding = 4; lastKnownFileType = sourcecode.c.objc; name = "UIView+Properties.m"; path = "Categories/UIView+Properties.m"; sourceTree = "<group>"; };
		8C36E98E1F263392009BDDC0 /* ViewLifeCycleObservable.h */ = {isa = PBXFileReference; lastKnownFileType = sourcecode.c.h; name = ViewLifeCycleObservable.h; path = Protocols/ViewLifeCycleObservable.h; sourceTree = "<group>"; };
		8C36E9901F2634C9009BDDC0 /* BaseViewController.h */ = {isa = PBXFileReference; fileEncoding = 4; lastKnownFileType = sourcecode.c.h; name = BaseViewController.h; path = Core/BaseViewController.h; sourceTree = "<group>"; };
		8C36E9911F2634C9009BDDC0 /* BaseViewController.m */ = {isa = PBXFileReference; fileEncoding = 4; lastKnownFileType = sourcecode.c.objc; name = BaseViewController.m; path = Core/BaseViewController.m; sourceTree = "<group>"; };
		8C36E9931F264053009BDDC0 /* SafeBlocks.h */ = {isa = PBXFileReference; lastKnownFileType = sourcecode.c.h; name = SafeBlocks.h; path = Core/SafeBlocks.h; sourceTree = "<group>"; };
		8C36E9941F26451B009BDDC0 /* ExchangeRatesUpdaterImpl.h */ = {isa = PBXFileReference; lastKnownFileType = sourcecode.c.h; name = ExchangeRatesUpdaterImpl.h; path = Services/ExchangeRatesUpdater/ExchangeRatesUpdaterImpl.h; sourceTree = "<group>"; };
		8C36E9951F264587009BDDC0 /* ExchangeRatesServiceImpl.h */ = {isa = PBXFileReference; lastKnownFileType = sourcecode.c.h; name = ExchangeRatesServiceImpl.h; path = Services/ExchangeRatesService/ExchangeRatesServiceImpl.h; sourceTree = "<group>"; };
		8C36E9991F2653D8009BDDC0 /* ExchangeRatesResponse.h */ = {isa = PBXFileReference; fileEncoding = 4; lastKnownFileType = sourcecode.c.h; path = ExchangeRatesResponse.h; sourceTree = "<group>"; };
		8C36E99A1F2653D8009BDDC0 /* ExchangeRatesResponse.m */ = {isa = PBXFileReference; fileEncoding = 4; lastKnownFileType = sourcecode.c.objc; path = ExchangeRatesResponse.m; sourceTree = "<group>"; };
		8C43EB6B1FA1EC1800EE87FD /* ExchangeMoneyViewData.h */ = {isa = PBXFileReference; lastKnownFileType = sourcecode.c.h; name = ExchangeMoneyViewData.h; path = Modules/ExchangeMoney/View/ExchangeMoneyViewData.h; sourceTree = "<group>"; };
		8C43EB6C1FA1EC1800EE87FD /* ExchangeMoneyViewData.m */ = {isa = PBXFileReference; lastKnownFileType = sourcecode.c.objc; name = ExchangeMoneyViewData.m; path = Modules/ExchangeMoney/View/ExchangeMoneyViewData.m; sourceTree = "<group>"; };
		8C45F64D1FD01B65005B3892 /* IntroAssembly.h */ = {isa = PBXFileReference; lastKnownFileType = sourcecode.c.h; name = IntroAssembly.h; path = Modules/Intro/Assembly/IntroAssembly.h; sourceTree = "<group>"; };
		8C45F64E1FD01B8A005B3892 /* IntroAssemblyImpl.h */ = {isa = PBXFileReference; lastKnownFileType = sourcecode.c.h; name = IntroAssemblyImpl.h; path = Modules/Intro/Assembly/IntroAssemblyImpl.h; sourceTree = "<group>"; };
		8C45F64F1FD01B8A005B3892 /* IntroAssemblyImpl.m */ = {isa = PBXFileReference; lastKnownFileType = sourcecode.c.objc; name = IntroAssemblyImpl.m; path = Modules/Intro/Assembly/IntroAssemblyImpl.m; sourceTree = "<group>"; };
		8C45F6511FD01BD5005B3892 /* IntroInteractor.h */ = {isa = PBXFileReference; lastKnownFileType = sourcecode.c.h; name = IntroInteractor.h; path = Modules/Intro/Interactor/IntroInteractor.h; sourceTree = "<group>"; };
		8C45F6521FD01C11005B3892 /* IntroModule.h */ = {isa = PBXFileReference; lastKnownFileType = sourcecode.c.h; name = IntroModule.h; path = Modules/Intro/Presenter/IntroModule.h; sourceTree = "<group>"; };
		8C45F6531FD01C35005B3892 /* IntroViewInput.h */ = {isa = PBXFileReference; lastKnownFileType = sourcecode.c.h; name = IntroViewInput.h; path = Modules/Intro/View/IntroViewInput.h; sourceTree = "<group>"; };
		8C45F6541FD01C6A005B3892 /* IntroRouter.h */ = {isa = PBXFileReference; lastKnownFileType = sourcecode.c.h; name = IntroRouter.h; path = Modules/Intro/Router/IntroRouter.h; sourceTree = "<group>"; };
		8C45F6551FD01CD2005B3892 /* IntroViewController.h */ = {isa = PBXFileReference; lastKnownFileType = sourcecode.c.h; name = IntroViewController.h; path = Modules/Intro/View/IntroViewController.h; sourceTree = "<group>"; };
		8C45F6561FD01CD2005B3892 /* IntroViewController.m */ = {isa = PBXFileReference; lastKnownFileType = sourcecode.c.objc; name = IntroViewController.m; path = Modules/Intro/View/IntroViewController.m; sourceTree = "<group>"; };
		8C45F6581FD01D1C005B3892 /* IntroView.h */ = {isa = PBXFileReference; lastKnownFileType = sourcecode.c.h; name = IntroView.h; path = Modules/Intro/View/IntroView.h; sourceTree = "<group>"; };
		8C45F6591FD01D1C005B3892 /* IntroView.m */ = {isa = PBXFileReference; lastKnownFileType = sourcecode.c.objc; name = IntroView.m; path = Modules/Intro/View/IntroView.m; sourceTree = "<group>"; };
		8C45F65E1FD01DE4005B3892 /* IntroPresenter.h */ = {isa = PBXFileReference; lastKnownFileType = sourcecode.c.h; name = IntroPresenter.h; path = Modules/Intro/Presenter/IntroPresenter.h; sourceTree = "<group>"; };
		8C45F65F1FD01DE4005B3892 /* IntroPresenter.m */ = {isa = PBXFileReference; lastKnownFileType = sourcecode.c.objc; name = IntroPresenter.m; path = Modules/Intro/Presenter/IntroPresenter.m; sourceTree = "<group>"; };
		8C45F6611FD01E2D005B3892 /* IntroInteractorImpl.h */ = {isa = PBXFileReference; lastKnownFileType = sourcecode.c.h; name = IntroInteractorImpl.h; path = Modules/Intro/Interactor/IntroInteractorImpl.h; sourceTree = "<group>"; };
		8C45F6621FD01E2D005B3892 /* IntroInteractorImpl.m */ = {isa = PBXFileReference; lastKnownFileType = sourcecode.c.objc; name = IntroInteractorImpl.m; path = Modules/Intro/Interactor/IntroInteractorImpl.m; sourceTree = "<group>"; };
		8C45F6641FD01F17005B3892 /* IntroRouterImpl.h */ = {isa = PBXFileReference; lastKnownFileType = sourcecode.c.h; name = IntroRouterImpl.h; path = Modules/Intro/Router/IntroRouterImpl.h; sourceTree = "<group>"; };
		8C45F6651FD01F17005B3892 /* IntroRouterImpl.m */ = {isa = PBXFileReference; lastKnownFileType = sourcecode.c.objc; name = IntroRouterImpl.m; path = Modules/Intro/Router/IntroRouterImpl.m; sourceTree = "<group>"; };
		8C45F6671FD02EA7005B3892 /* BaseUIKitRouter.h */ = {isa = PBXFileReference; lastKnownFileType = sourcecode.c.h; name = BaseUIKitRouter.h; path = Core/BaseUIKitRouter.h; sourceTree = "<group>"; };
		8C45F6681FD02EA7005B3892 /* BaseUIKitRouter.m */ = {isa = PBXFileReference; lastKnownFileType = sourcecode.c.objc; name = BaseUIKitRouter.m; path = Core/BaseUIKitRouter.m; sourceTree = "<group>"; };
		8C45F66A1FD03222005B3892 /* BaseRouter.h */ = {isa = PBXFileReference; lastKnownFileType = sourcecode.c.h; name = BaseRouter.h; path = Core/BaseRouter.h; sourceTree = "<group>"; };
		8C45F66B1FD03222005B3892 /* BaseRouter.m */ = {isa = PBXFileReference; lastKnownFileType = sourcecode.c.objc; name = BaseRouter.m; path = Core/BaseRouter.m; sourceTree = "<group>"; };
		8C6423471FA0747500A95479 /* GalleryPreviewView.h */ = {isa = PBXFileReference; lastKnownFileType = sourcecode.c.h; name = GalleryPreviewView.h; path = Views/GalleryPreviewView/GalleryPreviewView.h; sourceTree = "<group>"; };
		8C6423481FA0747500A95479 /* GalleryPreviewView.m */ = {isa = PBXFileReference; lastKnownFileType = sourcecode.c.objc; name = GalleryPreviewView.m; path = Views/GalleryPreviewView/GalleryPreviewView.m; sourceTree = "<group>"; };
		8C64234A1FA0753500A95479 /* GalleryPreviewController.h */ = {isa = PBXFileReference; lastKnownFileType = sourcecode.c.h; name = GalleryPreviewController.h; path = Views/GalleryPreviewView/GalleryPreviewController.h; sourceTree = "<group>"; };
		8C64234B1FA0753500A95479 /* GalleryPreviewController.m */ = {isa = PBXFileReference; lastKnownFileType = sourcecode.c.objc; name = GalleryPreviewController.m; path = Views/GalleryPreviewView/GalleryPreviewController.m; sourceTree = "<group>"; };
		8C6423501FA0757600A95479 /* GalleryPreviewPageController.h */ = {isa = PBXFileReference; lastKnownFileType = sourcecode.c.h; name = GalleryPreviewPageController.h; path = Views/GalleryPreviewView/GalleryPreviewPageController.h; sourceTree = "<group>"; };
		8C6423511FA0757600A95479 /* GalleryPreviewPageController.m */ = {isa = PBXFileReference; lastKnownFileType = sourcecode.c.objc; name = GalleryPreviewPageController.m; path = Views/GalleryPreviewView/GalleryPreviewPageController.m; sourceTree = "<group>"; };
		8C6423531FA0758B00A95479 /* GalleryPreviewPage.h */ = {isa = PBXFileReference; fileEncoding = 4; lastKnownFileType = sourcecode.c.h; name = GalleryPreviewPage.h; path = Views/GalleryPreviewView/GalleryPreviewPage.h; sourceTree = "<group>"; };
		8C6423541FA0758B00A95479 /* GalleryPreviewPage.m */ = {isa = PBXFileReference; fileEncoding = 4; lastKnownFileType = sourcecode.c.objc; name = GalleryPreviewPage.m; path = Views/GalleryPreviewView/GalleryPreviewPage.m; sourceTree = "<group>"; };
		8C6423561FA075AC00A95479 /* GalleryPreviewPageIndicator.h */ = {isa = PBXFileReference; lastKnownFileType = sourcecode.c.h; name = GalleryPreviewPageIndicator.h; path = Views/GalleryPreviewView/GalleryPreviewPageIndicator.h; sourceTree = "<group>"; };
		8C6423571FA075AC00A95479 /* GalleryPreviewPageIndicator.m */ = {isa = PBXFileReference; lastKnownFileType = sourcecode.c.objc; name = GalleryPreviewPageIndicator.m; path = Views/GalleryPreviewView/GalleryPreviewPageIndicator.m; sourceTree = "<group>"; };
		8C6423591FA0761300A95479 /* GalleryPreviewPageData.h */ = {isa = PBXFileReference; lastKnownFileType = sourcecode.c.h; name = GalleryPreviewPageData.h; path = Views/GalleryPreviewView/GalleryPreviewPageData.h; sourceTree = "<group>"; };
		8C64235A1FA0761300A95479 /* GalleryPreviewPageData.m */ = {isa = PBXFileReference; lastKnownFileType = sourcecode.c.objc; name = GalleryPreviewPageData.m; path = Views/GalleryPreviewView/GalleryPreviewPageData.m; sourceTree = "<group>"; };
		8C64235C1FA0793F00A95479 /* ObservableImageView.h */ = {isa = PBXFileReference; lastKnownFileType = sourcecode.c.h; name = ObservableImageView.h; path = Core/ObservableImageView.h; sourceTree = "<group>"; };
		8C64235D1FA0793F00A95479 /* ObservableImageView.m */ = {isa = PBXFileReference; lastKnownFileType = sourcecode.c.objc; name = ObservableImageView.m; path = Core/ObservableImageView.m; sourceTree = "<group>"; };
		8C64235F1FA091D000A95479 /* GalleryPreviewData.h */ = {isa = PBXFileReference; lastKnownFileType = sourcecode.c.h; name = GalleryPreviewData.h; path = Views/GalleryPreviewView/GalleryPreviewData.h; sourceTree = "<group>"; };
		8C6423601FA091D000A95479 /* GalleryPreviewData.m */ = {isa = PBXFileReference; lastKnownFileType = sourcecode.c.objc; name = GalleryPreviewData.m; path = Views/GalleryPreviewView/GalleryPreviewData.m; sourceTree = "<group>"; };
		8C6423621FA0966500A95479 /* MoveFailableLongPressGestureRecognizer.h */ = {isa = PBXFileReference; lastKnownFileType = sourcecode.c.h; name = MoveFailableLongPressGestureRecognizer.h; path = Core/MoveFailableLongPressGestureRecognizer.h; sourceTree = "<group>"; };
		8C6423631FA0966500A95479 /* MoveFailableLongPressGestureRecognizer.m */ = {isa = PBXFileReference; lastKnownFileType = sourcecode.c.objc; name = MoveFailableLongPressGestureRecognizer.m; path = Core/MoveFailableLongPressGestureRecognizer.m; sourceTree = "<group>"; };
		8C64236F1FA0B23C00A95479 /* ObservableTextField.h */ = {isa = PBXFileReference; lastKnownFileType = sourcecode.c.h; name = ObservableTextField.h; path = Core/ObservableTextField.h; sourceTree = "<group>"; };
		8C6423701FA0B23C00A95479 /* ObservableTextField.m */ = {isa = PBXFileReference; lastKnownFileType = sourcecode.c.objc; name = ObservableTextField.m; path = Core/ObservableTextField.m; sourceTree = "<group>"; };
		8C6423741FA0BB7400A95479 /* CurrencyRateCell.h */ = {isa = PBXFileReference; fileEncoding = 4; lastKnownFileType = sourcecode.c.h; name = CurrencyRateCell.h; path = Modules/ExchangeMoney/View/Cells/CurrencyRateCell.h; sourceTree = "<group>"; };
		8C6423751FA0BB7400A95479 /* CurrencyRateCell.m */ = {isa = PBXFileReference; fileEncoding = 4; lastKnownFileType = sourcecode.c.objc; name = CurrencyRateCell.m; path = Modules/ExchangeMoney/View/Cells/CurrencyRateCell.m; sourceTree = "<group>"; };
		8C73267A1F3B345000301720 /* KeyboardData.h */ = {isa = PBXFileReference; fileEncoding = 4; lastKnownFileType = sourcecode.c.h; name = KeyboardData.h; path = Services/KeyboardObservingService/KeyboardData.h; sourceTree = "<group>"; };
		8C73267B1F3B345000301720 /* KeyboardData.m */ = {isa = PBXFileReference; fileEncoding = 4; lastKnownFileType = sourcecode.c.objc; name = KeyboardData.m; path = Services/KeyboardObservingService/KeyboardData.m; sourceTree = "<group>"; };
		8C73267D1F3C80B100301720 /* LaunchScreen.storyboard */ = {isa = PBXFileReference; fileEncoding = 4; lastKnownFileType = file.storyboard; name = LaunchScreen.storyboard; path = Application/LaunchScreen.storyboard; sourceTree = "<group>"; };
		8C7326801F3C8D4700301720 /* UserService.h */ = {isa = PBXFileReference; fileEncoding = 4; lastKnownFileType = sourcecode.c.h; name = UserService.h; path = Services/UserService/UserService.h; sourceTree = "<group>"; };
		8C7326811F3C8D5800301720 /* UserServiceImpl.h */ = {isa = PBXFileReference; fileEncoding = 4; lastKnownFileType = sourcecode.c.h; name = UserServiceImpl.h; path = Services/UserService/UserServiceImpl.h; sourceTree = "<group>"; };
		8C7326821F3C8D5800301720 /* UserServiceImpl.m */ = {isa = PBXFileReference; fileEncoding = 4; lastKnownFileType = sourcecode.c.objc; name = UserServiceImpl.m; path = Services/UserService/UserServiceImpl.m; sourceTree = "<group>"; };
		8C94B4D81F3DEB8700B2B9FC /* UIViewController+Extensions.h */ = {isa = PBXFileReference; fileEncoding = 4; lastKnownFileType = sourcecode.c.h; name = "UIViewController+Extensions.h"; path = "Categories/UIViewController+Extensions.h"; sourceTree = "<group>"; };
		8C94B4D91F3DEB8700B2B9FC /* UIViewController+Extensions.m */ = {isa = PBXFileReference; fileEncoding = 4; lastKnownFileType = sourcecode.c.objc; name = "UIViewController+Extensions.m"; path = "Categories/UIViewController+Extensions.m"; sourceTree = "<group>"; };
		8C94B4DB1F3DFD5E00B2B9FC /* TextField.h */ = {isa = PBXFileReference; fileEncoding = 4; lastKnownFileType = sourcecode.c.h; path = TextField.h; sourceTree = "<group>"; };
		8C94B4DC1F3DFD5E00B2B9FC /* TextField.m */ = {isa = PBXFileReference; fileEncoding = 4; lastKnownFileType = sourcecode.c.objc; path = TextField.m; sourceTree = "<group>"; };
		8C94B4DE1F3E10C600B2B9FC /* BarButton.h */ = {isa = PBXFileReference; fileEncoding = 4; lastKnownFileType = sourcecode.c.h; name = BarButton.h; path = Core/BarButton.h; sourceTree = "<group>"; };
		8C94B4DF1F3E10C600B2B9FC /* BarButton.m */ = {isa = PBXFileReference; fileEncoding = 4; lastKnownFileType = sourcecode.c.objc; name = BarButton.m; path = Core/BarButton.m; sourceTree = "<group>"; };
		8C94B4E41F3E162B00B2B9FC /* ExchangeMoneyTitleView.h */ = {isa = PBXFileReference; fileEncoding = 4; lastKnownFileType = sourcecode.c.h; name = ExchangeMoneyTitleView.h; path = Modules/ExchangeMoney/View/ExchangeMoneyTitleView.h; sourceTree = "<group>"; };
		8C94B4E51F3E162B00B2B9FC /* ExchangeMoneyTitleView.m */ = {isa = PBXFileReference; fileEncoding = 4; lastKnownFileType = sourcecode.c.objc; name = ExchangeMoneyTitleView.m; path = Modules/ExchangeMoney/View/ExchangeMoneyTitleView.m; sourceTree = "<group>"; };
		8CC705F51F27CBDA008770E2 /* CurrencyFormatterTests.m */ = {isa = PBXFileReference; fileEncoding = 4; lastKnownFileType = sourcecode.c.objc; path = CurrencyFormatterTests.m; sourceTree = "<group>"; };
		8CC705F71F27CE0A008770E2 /* XMLParserImpl.h */ = {isa = PBXFileReference; lastKnownFileType = sourcecode.c.h; name = XMLParserImpl.h; path = Services/XMLParser/XMLParserImpl.h; sourceTree = "<group>"; };
		8CC705F81F27CF51008770E2 /* ExchangeRatesData.h */ = {isa = PBXFileReference; fileEncoding = 4; lastKnownFileType = sourcecode.c.h; name = ExchangeRatesData.h; path = Services/ExchangeRatesService/ExchangeRatesData.h; sourceTree = "<group>"; };
		8CC705F91F27CF51008770E2 /* ExchangeRatesData.m */ = {isa = PBXFileReference; fileEncoding = 4; lastKnownFileType = sourcecode.c.objc; name = ExchangeRatesData.m; path = Services/ExchangeRatesService/ExchangeRatesData.m; sourceTree = "<group>"; };
		8CD786141F14F21F00AF7A8D /* ExchangeMoneyAssemblyImpl.h */ = {isa = PBXFileReference; fileEncoding = 4; lastKnownFileType = sourcecode.c.h; name = ExchangeMoneyAssemblyImpl.h; path = Modules/ExchangeMoney/Assembly/ExchangeMoneyAssemblyImpl.h; sourceTree = "<group>"; };
		8CD786151F14F21F00AF7A8D /* ExchangeMoneyAssemblyImpl.m */ = {isa = PBXFileReference; fileEncoding = 4; lastKnownFileType = sourcecode.c.objc; name = ExchangeMoneyAssemblyImpl.m; path = Modules/ExchangeMoney/Assembly/ExchangeMoneyAssemblyImpl.m; sourceTree = "<group>"; };
		8CD786171F14F22600AF7A8D /* ExchangeMoneyInteractor.h */ = {isa = PBXFileReference; fileEncoding = 4; lastKnownFileType = sourcecode.c.h; name = ExchangeMoneyInteractor.h; path = Modules/ExchangeMoney/Interactor/ExchangeMoneyInteractor.h; sourceTree = "<group>"; };
		8CD786181F14F22600AF7A8D /* ExchangeMoneyInteractorImpl.h */ = {isa = PBXFileReference; fileEncoding = 4; lastKnownFileType = sourcecode.c.h; name = ExchangeMoneyInteractorImpl.h; path = Modules/ExchangeMoney/Interactor/ExchangeMoneyInteractorImpl.h; sourceTree = "<group>"; };
		8CD786191F14F22600AF7A8D /* ExchangeMoneyInteractorImpl.m */ = {isa = PBXFileReference; fileEncoding = 4; lastKnownFileType = sourcecode.c.objc; name = ExchangeMoneyInteractorImpl.m; path = Modules/ExchangeMoney/Interactor/ExchangeMoneyInteractorImpl.m; sourceTree = "<group>"; };
		8CD7861B1F14F22D00AF7A8D /* ExchangeMoneyModule.h */ = {isa = PBXFileReference; fileEncoding = 4; lastKnownFileType = sourcecode.c.h; name = ExchangeMoneyModule.h; path = Modules/ExchangeMoney/Presenter/ExchangeMoneyModule.h; sourceTree = "<group>"; };
		8CD7861D1F14F22D00AF7A8D /* ExchangeMoneyPresenter.h */ = {isa = PBXFileReference; fileEncoding = 4; lastKnownFileType = sourcecode.c.h; name = ExchangeMoneyPresenter.h; path = Modules/ExchangeMoney/Presenter/ExchangeMoneyPresenter.h; sourceTree = "<group>"; };
		8CD7861E1F14F22D00AF7A8D /* ExchangeMoneyPresenter.m */ = {isa = PBXFileReference; fileEncoding = 4; lastKnownFileType = sourcecode.c.objc; name = ExchangeMoneyPresenter.m; path = Modules/ExchangeMoney/Presenter/ExchangeMoneyPresenter.m; sourceTree = "<group>"; };
		8CD786211F14F23400AF7A8D /* ExchangeMoneyView.h */ = {isa = PBXFileReference; fileEncoding = 4; lastKnownFileType = sourcecode.c.h; name = ExchangeMoneyView.h; path = Modules/ExchangeMoney/View/ExchangeMoneyView.h; sourceTree = "<group>"; };
		8CD786221F14F23400AF7A8D /* ExchangeMoneyView.m */ = {isa = PBXFileReference; fileEncoding = 4; lastKnownFileType = sourcecode.c.objc; name = ExchangeMoneyView.m; path = Modules/ExchangeMoney/View/ExchangeMoneyView.m; sourceTree = "<group>"; };
		8CD786231F14F23400AF7A8D /* ExchangeMoneyViewController.h */ = {isa = PBXFileReference; fileEncoding = 4; lastKnownFileType = sourcecode.c.h; name = ExchangeMoneyViewController.h; path = Modules/ExchangeMoney/View/ExchangeMoneyViewController.h; sourceTree = "<group>"; };
		8CD786241F14F23400AF7A8D /* ExchangeMoneyViewController.m */ = {isa = PBXFileReference; fileEncoding = 4; lastKnownFileType = sourcecode.c.objc; name = ExchangeMoneyViewController.m; path = Modules/ExchangeMoney/View/ExchangeMoneyViewController.m; sourceTree = "<group>"; };
		8CD786271F14F23C00AF7A8D /* ExchangeMoneyRouter.h */ = {isa = PBXFileReference; fileEncoding = 4; lastKnownFileType = sourcecode.c.h; name = ExchangeMoneyRouter.h; path = Modules/ExchangeMoney/Router/ExchangeMoneyRouter.h; sourceTree = "<group>"; };
		8CD786281F14F23C00AF7A8D /* ExchangeMoneyRouter.m */ = {isa = PBXFileReference; fileEncoding = 4; lastKnownFileType = sourcecode.c.objc; name = ExchangeMoneyRouter.m; path = Modules/ExchangeMoney/Router/ExchangeMoneyRouter.m; sourceTree = "<group>"; };
		8CD7862C1F14F24600AF7A8D /* ExchangeRatesService.h */ = {isa = PBXFileReference; fileEncoding = 4; lastKnownFileType = sourcecode.c.h; name = ExchangeRatesService.h; path = Services/ExchangeRatesService/ExchangeRatesService.h; sourceTree = "<group>"; };
		8CD7862D1F14F24600AF7A8D /* ExchangeRatesServiceImpl.m */ = {isa = PBXFileReference; fileEncoding = 4; lastKnownFileType = sourcecode.c.objc; name = ExchangeRatesServiceImpl.m; path = Services/ExchangeRatesService/ExchangeRatesServiceImpl.m; sourceTree = "<group>"; };
		8CD786311F14F26700AF7A8D /* ExchangeRatesUpdater.h */ = {isa = PBXFileReference; fileEncoding = 4; lastKnownFileType = sourcecode.c.h; name = ExchangeRatesUpdater.h; path = Services/ExchangeRatesUpdater/ExchangeRatesUpdater.h; sourceTree = "<group>"; };
		8CD786321F14F26700AF7A8D /* ExchangeRatesUpdaterImpl.m */ = {isa = PBXFileReference; fileEncoding = 4; lastKnownFileType = sourcecode.c.objc; name = ExchangeRatesUpdaterImpl.m; path = Services/ExchangeRatesUpdater/ExchangeRatesUpdaterImpl.m; sourceTree = "<group>"; };
		8CD786351F14F27F00AF7A8D /* ExchangeMoneyService.h */ = {isa = PBXFileReference; fileEncoding = 4; lastKnownFileType = sourcecode.c.h; name = ExchangeMoneyService.h; path = Services/ExchangeMoneyService/ExchangeMoneyService.h; sourceTree = "<group>"; };
		8CD786361F14F27F00AF7A8D /* ExchangeMoneyService.m */ = {isa = PBXFileReference; fileEncoding = 4; lastKnownFileType = sourcecode.c.objc; name = ExchangeMoneyService.m; path = Services/ExchangeMoneyService/ExchangeMoneyService.m; sourceTree = "<group>"; };
		8CD7863C1F14F29000AF7A8D /* XMLParser.h */ = {isa = PBXFileReference; fileEncoding = 4; lastKnownFileType = sourcecode.c.h; name = XMLParser.h; path = Services/XMLParser/XMLParser.h; sourceTree = "<group>"; };
		8CD7863D1F14F29000AF7A8D /* XMLParserImpl.m */ = {isa = PBXFileReference; fileEncoding = 4; lastKnownFileType = sourcecode.c.objc; name = XMLParserImpl.m; path = Services/XMLParser/XMLParserImpl.m; sourceTree = "<group>"; };
		8CD786401F14F2A000AF7A8D /* CurrencyFormatter.h */ = {isa = PBXFileReference; fileEncoding = 4; lastKnownFileType = sourcecode.c.h; name = CurrencyFormatter.h; path = Formatters/CurrencyFormatter.h; sourceTree = "<group>"; };
		8CD786411F14F2A000AF7A8D /* CurrencyFormatter.m */ = {isa = PBXFileReference; fileEncoding = 4; lastKnownFileType = sourcecode.c.objc; name = CurrencyFormatter.m; path = Formatters/CurrencyFormatter.m; sourceTree = "<group>"; };
		8CD786431F14F2B800AF7A8D /* Currency.h */ = {isa = PBXFileReference; fileEncoding = 4; lastKnownFileType = sourcecode.c.h; name = Currency.h; path = Networking/Currency.h; sourceTree = "<group>"; };
		8CD786441F14F2B800AF7A8D /* Currency.m */ = {isa = PBXFileReference; fileEncoding = 4; lastKnownFileType = sourcecode.c.objc; name = Currency.m; path = Networking/Currency.m; sourceTree = "<group>"; };
		8CD7864C1F14F32600AF7A8D /* User.h */ = {isa = PBXFileReference; fileEncoding = 4; lastKnownFileType = sourcecode.c.h; name = User.h; path = Services/ExchangeMoneyService/User.h; sourceTree = "<group>"; };
		8CD7864D1F14F32600AF7A8D /* User.m */ = {isa = PBXFileReference; fileEncoding = 4; lastKnownFileType = sourcecode.c.objc; name = User.m; path = Services/ExchangeMoneyService/User.m; sourceTree = "<group>"; };
		8CD7864F1F14F65800AF7A8D /* ExchangeMoneyAssembly.h */ = {isa = PBXFileReference; fileEncoding = 4; lastKnownFileType = sourcecode.c.h; name = ExchangeMoneyAssembly.h; path = Modules/ExchangeMoney/Assembly/ExchangeMoneyAssembly.h; sourceTree = "<group>"; };
		8CD786511F14F7B700AF7A8D /* BaseAssembly.h */ = {isa = PBXFileReference; fileEncoding = 4; lastKnownFileType = sourcecode.c.h; name = BaseAssembly.h; path = DI/BaseAssembly.h; sourceTree = "<group>"; };
		8CD786521F14F7B700AF7A8D /* BaseAssembly.m */ = {isa = PBXFileReference; fileEncoding = 4; lastKnownFileType = sourcecode.c.objc; name = BaseAssembly.m; path = DI/BaseAssembly.m; sourceTree = "<group>"; };
		8CD786541F14F82000AF7A8D /* AssemblySeed.h */ = {isa = PBXFileReference; fileEncoding = 4; lastKnownFileType = sourcecode.c.h; name = AssemblySeed.h; path = DI/AssemblySeed.h; sourceTree = "<group>"; };
		8CD786551F14F82000AF7A8D /* AssemblySeed.m */ = {isa = PBXFileReference; fileEncoding = 4; lastKnownFileType = sourcecode.c.objc; name = AssemblySeed.m; path = DI/AssemblySeed.m; sourceTree = "<group>"; };
		8CD786571F14F86100AF7A8D /* AssemblyFactoryImpl.h */ = {isa = PBXFileReference; fileEncoding = 4; lastKnownFileType = sourcecode.c.h; name = AssemblyFactoryImpl.h; path = DI/AssemblyFactoryImpl.h; sourceTree = "<group>"; };
		8CD786581F14F86100AF7A8D /* AssemblyFactoryImpl.m */ = {isa = PBXFileReference; fileEncoding = 4; lastKnownFileType = sourcecode.c.objc; name = AssemblyFactoryImpl.m; path = DI/AssemblyFactoryImpl.m; sourceTree = "<group>"; };
		8CD7865A1F14F87400AF7A8D /* AssemblyFactory.h */ = {isa = PBXFileReference; fileEncoding = 4; lastKnownFileType = sourcecode.c.h; name = AssemblyFactory.h; path = DI/AssemblyFactory.h; sourceTree = "<group>"; };
		8CD7865E1F14FD5200AF7A8D /* ExchangeMoneyViewInput.h */ = {isa = PBXFileReference; fileEncoding = 4; lastKnownFileType = sourcecode.c.h; name = ExchangeMoneyViewInput.h; path = Modules/ExchangeMoney/View/ExchangeMoneyViewInput.h; sourceTree = "<group>"; };
		8CF964151F165C24009852B9 /* AssembledViewController.h */ = {isa = PBXFileReference; fileEncoding = 4; lastKnownFileType = sourcecode.c.h; name = AssembledViewController.h; path = DI/AssembledViewController.h; sourceTree = "<group>"; };
		8CF964161F165C24009852B9 /* AssembledViewController.m */ = {isa = PBXFileReference; fileEncoding = 4; lastKnownFileType = sourcecode.c.objc; name = AssembledViewController.m; path = DI/AssembledViewController.m; sourceTree = "<group>"; };
		8CF964181F165C31009852B9 /* AppDelegate.h */ = {isa = PBXFileReference; fileEncoding = 4; lastKnownFileType = sourcecode.c.h; name = AppDelegate.h; path = Application/AppDelegate.h; sourceTree = "<group>"; };
		8CF964191F165C31009852B9 /* AppDelegate.m */ = {isa = PBXFileReference; fileEncoding = 4; lastKnownFileType = sourcecode.c.objc; name = AppDelegate.m; path = Application/AppDelegate.m; sourceTree = "<group>"; };
		8CF9641A1F165C31009852B9 /* Info.plist */ = {isa = PBXFileReference; fileEncoding = 4; lastKnownFileType = text.plist.xml; name = Info.plist; path = Application/Info.plist; sourceTree = "<group>"; };
		8CF9641B1F165C31009852B9 /* main.m */ = {isa = PBXFileReference; fileEncoding = 4; lastKnownFileType = sourcecode.c.objc; name = main.m; path = Application/main.m; sourceTree = "<group>"; };
		8CF9643B1F17D84E009852B9 /* KeyboardObserverImpl.h */ = {isa = PBXFileReference; fileEncoding = 4; lastKnownFileType = sourcecode.c.h; name = KeyboardObserverImpl.h; path = Services/KeyboardObservingService/KeyboardObserverImpl.h; sourceTree = "<group>"; };
		8CF9643C1F17D84E009852B9 /* KeyboardObserverImpl.m */ = {isa = PBXFileReference; fileEncoding = 4; lastKnownFileType = sourcecode.c.objc; name = KeyboardObserverImpl.m; path = Services/KeyboardObservingService/KeyboardObserverImpl.m; sourceTree = "<group>"; };
		8CF9643F1F17D8B7009852B9 /* KeyboardObserver.h */ = {isa = PBXFileReference; fileEncoding = 4; lastKnownFileType = sourcecode.c.h; path = KeyboardObserver.h; sourceTree = "<group>"; };
		8CF964461F1CC4EE009852B9 /* ExchangeMoneyPageViewController.h */ = {isa = PBXFileReference; fileEncoding = 4; lastKnownFileType = sourcecode.c.h; name = ExchangeMoneyPageViewController.h; path = Modules/ExchangeMoney/View/ExchangeMoneyPageViewController.h; sourceTree = "<group>"; };
		8CF964471F1CC4EE009852B9 /* ExchangeMoneyPageViewController.m */ = {isa = PBXFileReference; fileEncoding = 4; lastKnownFileType = sourcecode.c.objc; name = ExchangeMoneyPageViewController.m; path = Modules/ExchangeMoney/View/ExchangeMoneyPageViewController.m; sourceTree = "<group>"; };
		8CF964491F1CC81D009852B9 /* ExchangeMoneyCurrencyViewController.h */ = {isa = PBXFileReference; fileEncoding = 4; lastKnownFileType = sourcecode.c.h; name = ExchangeMoneyCurrencyViewController.h; path = Modules/ExchangeMoney/View/ExchangeMoneyCurrencyViewController.h; sourceTree = "<group>"; };
		8CF9644A1F1CC81D009852B9 /* ExchangeMoneyCurrencyViewController.m */ = {isa = PBXFileReference; fileEncoding = 4; lastKnownFileType = sourcecode.c.objc; name = ExchangeMoneyCurrencyViewController.m; path = Modules/ExchangeMoney/View/ExchangeMoneyCurrencyViewController.m; sourceTree = "<group>"; };
		8CF9644F1F1CCC0D009852B9 /* ExchangeMoneyCurrencyViewData.h */ = {isa = PBXFileReference; fileEncoding = 4; lastKnownFileType = sourcecode.c.h; name = ExchangeMoneyCurrencyViewData.h; path = Modules/ExchangeMoney/View/ExchangeMoneyCurrencyViewData.h; sourceTree = "<group>"; };
		8CF964501F1CCC0D009852B9 /* ExchangeMoneyCurrencyViewData.m */ = {isa = PBXFileReference; fileEncoding = 4; lastKnownFileType = sourcecode.c.objc; name = ExchangeMoneyCurrencyViewData.m; path = Modules/ExchangeMoney/View/ExchangeMoneyCurrencyViewData.m; sourceTree = "<group>"; };
		8CF964521F1CCECA009852B9 /* ExchangeMoneyBalanceViewData.h */ = {isa = PBXFileReference; fileEncoding = 4; lastKnownFileType = sourcecode.c.h; name = ExchangeMoneyBalanceViewData.h; path = Modules/ExchangeMoney/View/ExchangeMoneyBalanceViewData.h; sourceTree = "<group>"; };
		8CF964531F1CCECA009852B9 /* ExchangeMoneyBalanceViewData.m */ = {isa = PBXFileReference; fileEncoding = 4; lastKnownFileType = sourcecode.c.objc; name = ExchangeMoneyBalanceViewData.m; path = Modules/ExchangeMoney/View/ExchangeMoneyBalanceViewData.m; sourceTree = "<group>"; };
		8CF964581F1CD11B009852B9 /* ExchangeMoneyCurrencyView.h */ = {isa = PBXFileReference; fileEncoding = 4; lastKnownFileType = sourcecode.c.h; name = ExchangeMoneyCurrencyView.h; path = Modules/ExchangeMoney/View/ExchangeMoneyCurrencyView.h; sourceTree = "<group>"; };
		8CF964591F1CD11B009852B9 /* ExchangeMoneyCurrencyView.m */ = {isa = PBXFileReference; fileEncoding = 4; lastKnownFileType = sourcecode.c.objc; name = ExchangeMoneyCurrencyView.m; path = Modules/ExchangeMoney/View/ExchangeMoneyCurrencyView.m; sourceTree = "<group>"; };
		9389B4E6B11F4B0BB56B0F37 /* Pods-ExchangerUITests.debug.xcconfig */ = {isa = PBXFileReference; includeInIndex = 1; lastKnownFileType = text.xcconfig; name = "Pods-ExchangerUITests.debug.xcconfig"; path = "Pods/Target Support Files/Pods-ExchangerUITests/Pods-ExchangerUITests.debug.xcconfig"; sourceTree = "<group>"; };
		A46A0D61B3F31B4C0C77D2B7 /* libPods-Exchanger.a */ = {isa = PBXFileReference; explicitFileType = archive.ar; includeInIndex = 0; path = "libPods-Exchanger.a"; sourceTree = BUILT_PRODUCTS_DIR; };
		AAEDD35F473571BE7C61E79D /* Pods-Exchanger.debug.xcconfig */ = {isa = PBXFileReference; includeInIndex = 1; lastKnownFileType = text.xcconfig; name = "Pods-Exchanger.debug.xcconfig"; path = "Pods/Target Support Files/Pods-Exchanger/Pods-Exchanger.debug.xcconfig"; sourceTree = "<group>"; };
		B15BF0ACF5593372A8301FB5 /* Pods-ExchangerTests.release.xcconfig */ = {isa = PBXFileReference; includeInIndex = 1; lastKnownFileType = text.xcconfig; name = "Pods-ExchangerTests.release.xcconfig"; path = "Pods/Target Support Files/Pods-ExchangerTests/Pods-ExchangerTests.release.xcconfig"; sourceTree = "<group>"; };
		F29A4AD09A77BA9D010BA1AE /* Pods-ExchangerUITests.release.xcconfig */ = {isa = PBXFileReference; includeInIndex = 1; lastKnownFileType = text.xcconfig; name = "Pods-ExchangerUITests.release.xcconfig"; path = "Pods/Target Support Files/Pods-ExchangerUITests/Pods-ExchangerUITests.release.xcconfig"; sourceTree = "<group>"; };
/* End PBXFileReference section */

/* Begin PBXFrameworksBuildPhase section */
		8C2E1CE11F13818D00DB0FC2 /* Frameworks */ = {
			isa = PBXFrameworksBuildPhase;
			buildActionMask = 2147483647;
			files = (
				2D9A60EAD27A2EFF8A0EA557 /* libPods-Exchanger.a in Frameworks */,
			);
			runOnlyForDeploymentPostprocessing = 0;
		};
		8C2E1CFA1F13818D00DB0FC2 /* Frameworks */ = {
			isa = PBXFrameworksBuildPhase;
			buildActionMask = 2147483647;
			files = (
				68C8AC0CEC9D9ED7064AFBD1 /* libPods-ExchangerTests.a in Frameworks */,
			);
			runOnlyForDeploymentPostprocessing = 0;
		};
		8C2E1D051F13818D00DB0FC2 /* Frameworks */ = {
			isa = PBXFrameworksBuildPhase;
			buildActionMask = 2147483647;
			files = (
				F4B97656FC1AA746D81776B8 /* libPods-ExchangerUITests.a in Frameworks */,
			);
			runOnlyForDeploymentPostprocessing = 0;
		};
/* End PBXFrameworksBuildPhase section */

/* Begin PBXGroup section */
		25B80CD0B0D63B7F3B934078 /* Pods */ = {
			isa = PBXGroup;
			children = (
				AAEDD35F473571BE7C61E79D /* Pods-Exchanger.debug.xcconfig */,
				6A61991DAEB98C839D7E3370 /* Pods-Exchanger.release.xcconfig */,
				72F62204F1A8827488E4665A /* Pods-ExchangerTests.debug.xcconfig */,
				B15BF0ACF5593372A8301FB5 /* Pods-ExchangerTests.release.xcconfig */,
				9389B4E6B11F4B0BB56B0F37 /* Pods-ExchangerUITests.debug.xcconfig */,
				F29A4AD09A77BA9D010BA1AE /* Pods-ExchangerUITests.release.xcconfig */,
			);
			name = Pods;
			sourceTree = "<group>";
		};
		8C1FEFC61F13A6C90024F046 /* Services */ = {
			isa = PBXGroup;
			children = (
				8C076BA11FD042D7003F4D42 /* ServiceFactory.h */,
				8C1FEFC91F13A76A0024F046 /* ServiceFactoryImpl.h */,
				8C1FEFCA1F13A76A0024F046 /* ServiceFactoryImpl.m */,
				8C73267F1F3C8D2400301720 /* UserService */,
				8CF9643E1F17D852009852B9 /* KeyboardObservingService */,
				8CD7863B1F14F28700AF7A8D /* XMLParser */,
				8CD786341F14F26A00AF7A8D /* ExchangeMoneyService */,
				8CD786301F14F24700AF7A8D /* ExchangeRatesUpdater */,
				8CD786131F14F15900AF7A8D /* ExchangeRatesService */,
			);
			name = Services;
			sourceTree = "<group>";
		};
		8C1FEFCC1F13A90D0024F046 /* Networking */ = {
			isa = PBXGroup;
			children = (
				8C304CFA1F13AC8300ACE585 /* CurrencyType.h */,
				8C076BA51FD150FA003F4D42 /* Wallet.h */,
				8C076BA61FD150FA003F4D42 /* Wallet.m */,
				8CD786431F14F2B800AF7A8D /* Currency.h */,
				8CD786441F14F2B800AF7A8D /* Currency.m */,
				8C36E9991F2653D8009BDDC0 /* ExchangeRatesResponse.h */,
				8C36E99A1F2653D8009BDDC0 /* ExchangeRatesResponse.m */,
			);
			name = Networking;
			sourceTree = "<group>";
		};
		8C2E1CDB1F13818D00DB0FC2 = {
			isa = PBXGroup;
			children = (
				8C2E1D201F1391B000DB0FC2 /* readme */,
				8C1FEFC31F13A2610024F046 /* lint.sh */,
				8C2E1CE61F13818D00DB0FC2 /* Exchanger */,
				8C2E1D001F13818D00DB0FC2 /* ExchangerTests */,
				8C2E1D0B1F13818D00DB0FC2 /* ExchangerUITests */,
				8C2E1CE51F13818D00DB0FC2 /* Products */,
				25B80CD0B0D63B7F3B934078 /* Pods */,
				C4D7318F40CE453F21240F76 /* Frameworks */,
			);
			sourceTree = "<group>";
		};
		8C2E1CE51F13818D00DB0FC2 /* Products */ = {
			isa = PBXGroup;
			children = (
				8C2E1CE41F13818D00DB0FC2 /* Avito.app */,
				8C2E1CFD1F13818D00DB0FC2 /* ExchangerTests.xctest */,
				8C2E1D081F13818D00DB0FC2 /* ExchangerUITests.xctest */,
			);
			name = Products;
			sourceTree = "<group>";
		};
		8C2E1CE61F13818D00DB0FC2 /* Exchanger */ = {
			isa = PBXGroup;
			children = (
				8CD785EC1F14EE3900AF7A8D /* Modules */,
				8C6423451FA0744D00A95479 /* Views */,
				8C36E98F1F2634B4009BDDC0 /* Core */,
				8C36E98D1F26336F009BDDC0 /* Protocols */,
				8C36E9861F261B26009BDDC0 /* Categories */,
				8CF964141F165BF3009852B9 /* Application */,
				8CD786501F14F7A500AF7A8D /* DI */,
				8CD7863F1F14F29600AF7A8D /* Formatters */,
				8C1FEFCC1F13A90D0024F046 /* Networking */,
				8C1FEFC61F13A6C90024F046 /* Services */,
				8C2E1CF31F13818D00DB0FC2 /* Assets.xcassets */,
			);
			path = Exchanger;
			sourceTree = "<group>";
		};
		8C2E1D001F13818D00DB0FC2 /* ExchangerTests */ = {
			isa = PBXGroup;
			children = (
				8C2E1D011F13818D00DB0FC2 /* ExchangerTests.m */,
				8C2E1D031F13818D00DB0FC2 /* Info.plist */,
				8CC705F51F27CBDA008770E2 /* CurrencyFormatterTests.m */,
			);
			path = ExchangerTests;
			sourceTree = "<group>";
		};
		8C2E1D0B1F13818D00DB0FC2 /* ExchangerUITests */ = {
			isa = PBXGroup;
			children = (
				8C2E1D0C1F13818D00DB0FC2 /* ExchangerUITests.m */,
				8C2E1D0E1F13818D00DB0FC2 /* Info.plist */,
			);
			path = ExchangerUITests;
			sourceTree = "<group>";
		};
		8C36E9861F261B26009BDDC0 /* Categories */ = {
			isa = PBXGroup;
			children = (
				8C36E9871F261B4F009BDDC0 /* UIView+Properties.h */,
				8C36E9881F261B4F009BDDC0 /* UIView+Properties.m */,
				8C94B4D81F3DEB8700B2B9FC /* UIViewController+Extensions.h */,
				8C94B4D91F3DEB8700B2B9FC /* UIViewController+Extensions.m */,
			);
			name = Categories;
			sourceTree = "<group>";
		};
		8C36E98D1F26336F009BDDC0 /* Protocols */ = {
			isa = PBXGroup;
			children = (
				8C36E98E1F263392009BDDC0 /* ViewLifeCycleObservable.h */,
				8C076BA01FD03EFA003F4D42 /* DisposeBagHolder.h */,
			);
			name = Protocols;
			sourceTree = "<group>";
		};
		8C36E98F1F2634B4009BDDC0 /* Core */ = {
			isa = PBXGroup;
			children = (
				8C36E9901F2634C9009BDDC0 /* BaseViewController.h */,
				8C36E9911F2634C9009BDDC0 /* BaseViewController.m */,
				8C36E9931F264053009BDDC0 /* SafeBlocks.h */,
				8C94B4DE1F3E10C600B2B9FC /* BarButton.h */,
				8C94B4DF1F3E10C600B2B9FC /* BarButton.m */,
				8C64235C1FA0793F00A95479 /* ObservableImageView.h */,
				8C64235D1FA0793F00A95479 /* ObservableImageView.m */,
				8C64236F1FA0B23C00A95479 /* ObservableTextField.h */,
				8C6423701FA0B23C00A95479 /* ObservableTextField.m */,
				8C6423621FA0966500A95479 /* MoveFailableLongPressGestureRecognizer.h */,
				8C6423631FA0966500A95479 /* MoveFailableLongPressGestureRecognizer.m */,
				8C45F6671FD02EA7005B3892 /* BaseUIKitRouter.h */,
				8C45F6681FD02EA7005B3892 /* BaseUIKitRouter.m */,
				8C45F66A1FD03222005B3892 /* BaseRouter.h */,
				8C45F66B1FD03222005B3892 /* BaseRouter.m */,
				8C076B9D1FD03DF4003F4D42 /* DisposeBag.h */,
				8C076B9E1FD03DF4003F4D42 /* DisposeBag.m */,
			);
			name = Core;
			sourceTree = "<group>";
		};
		8C45F6471FD01AC7005B3892 /* Intro */ = {
			isa = PBXGroup;
			children = (
				8C45F6481FD01AF2005B3892 /* Assembly */,
				8C45F6491FD01AF6005B3892 /* Interactor */,
				8C45F64A1FD01AFB005B3892 /* Presenter */,
				8C45F64B1FD01AFF005B3892 /* View */,
				8C45F64C1FD01B05005B3892 /* Router */,
			);
			name = Intro;
			sourceTree = "<group>";
		};
		8C45F6481FD01AF2005B3892 /* Assembly */ = {
			isa = PBXGroup;
			children = (
				8C45F64D1FD01B65005B3892 /* IntroAssembly.h */,
				8C45F64E1FD01B8A005B3892 /* IntroAssemblyImpl.h */,
				8C45F64F1FD01B8A005B3892 /* IntroAssemblyImpl.m */,
			);
			name = Assembly;
			sourceTree = "<group>";
		};
		8C45F6491FD01AF6005B3892 /* Interactor */ = {
			isa = PBXGroup;
			children = (
				8C45F6511FD01BD5005B3892 /* IntroInteractor.h */,
				8C45F6611FD01E2D005B3892 /* IntroInteractorImpl.h */,
				8C45F6621FD01E2D005B3892 /* IntroInteractorImpl.m */,
			);
			name = Interactor;
			sourceTree = "<group>";
		};
		8C45F64A1FD01AFB005B3892 /* Presenter */ = {
			isa = PBXGroup;
			children = (
				8C45F6521FD01C11005B3892 /* IntroModule.h */,
				8C45F65E1FD01DE4005B3892 /* IntroPresenter.h */,
				8C45F65F1FD01DE4005B3892 /* IntroPresenter.m */,
			);
			name = Presenter;
			sourceTree = "<group>";
		};
		8C45F64B1FD01AFF005B3892 /* View */ = {
			isa = PBXGroup;
			children = (
				8C45F6531FD01C35005B3892 /* IntroViewInput.h */,
				8C45F6581FD01D1C005B3892 /* IntroView.h */,
				8C45F6591FD01D1C005B3892 /* IntroView.m */,
				8C45F6551FD01CD2005B3892 /* IntroViewController.h */,
				8C45F6561FD01CD2005B3892 /* IntroViewController.m */,
			);
			name = View;
			sourceTree = "<group>";
		};
		8C45F64C1FD01B05005B3892 /* Router */ = {
			isa = PBXGroup;
			children = (
				8C45F6541FD01C6A005B3892 /* IntroRouter.h */,
				8C45F6641FD01F17005B3892 /* IntroRouterImpl.h */,
				8C45F6651FD01F17005B3892 /* IntroRouterImpl.m */,
			);
			name = Router;
			sourceTree = "<group>";
		};
		8C6423451FA0744D00A95479 /* Views */ = {
			isa = PBXGroup;
			children = (
				8C6423461FA0745200A95479 /* GalleryPreviewView */,
			);
			name = Views;
			sourceTree = "<group>";
		};
		8C6423461FA0745200A95479 /* GalleryPreviewView */ = {
			isa = PBXGroup;
			children = (
				8C6423531FA0758B00A95479 /* GalleryPreviewPage.h */,
				8C6423541FA0758B00A95479 /* GalleryPreviewPage.m */,
				8C6423471FA0747500A95479 /* GalleryPreviewView.h */,
				8C6423481FA0747500A95479 /* GalleryPreviewView.m */,
				8C64234A1FA0753500A95479 /* GalleryPreviewController.h */,
				8C64234B1FA0753500A95479 /* GalleryPreviewController.m */,
				8C6423501FA0757600A95479 /* GalleryPreviewPageController.h */,
				8C6423511FA0757600A95479 /* GalleryPreviewPageController.m */,
				8C6423561FA075AC00A95479 /* GalleryPreviewPageIndicator.h */,
				8C6423571FA075AC00A95479 /* GalleryPreviewPageIndicator.m */,
				8C6423591FA0761300A95479 /* GalleryPreviewPageData.h */,
				8C64235A1FA0761300A95479 /* GalleryPreviewPageData.m */,
				8C64235F1FA091D000A95479 /* GalleryPreviewData.h */,
				8C6423601FA091D000A95479 /* GalleryPreviewData.m */,
			);
			name = GalleryPreviewView;
			sourceTree = "<group>";
		};
		8C6423651FA0A78A00A95479 /* Modules */ = {
			isa = PBXGroup;
			children = (
				8C6423661FA0A7A100A95479 /* MoneyRate */,
			);
			name = Modules;
			sourceTree = "<group>";
		};
		8C6423661FA0A7A100A95479 /* MoneyRate */ = {
			isa = PBXGroup;
			children = (
			);
			name = MoneyRate;
			sourceTree = "<group>";
		};
		8C6423671FA0A81D00A95479 /* Legacy */ = {
			isa = PBXGroup;
			children = (
				8CF964461F1CC4EE009852B9 /* ExchangeMoneyPageViewController.h */,
				8CF964471F1CC4EE009852B9 /* ExchangeMoneyPageViewController.m */,
				8CF964491F1CC81D009852B9 /* ExchangeMoneyCurrencyViewController.h */,
				8CF9644A1F1CC81D009852B9 /* ExchangeMoneyCurrencyViewController.m */,
			);
			name = Legacy;
			sourceTree = "<group>";
		};
		8C6423721FA0BB3A00A95479 /* Cells */ = {
			isa = PBXGroup;
			children = (
				8C6423741FA0BB7400A95479 /* CurrencyRateCell.h */,
				8C6423751FA0BB7400A95479 /* CurrencyRateCell.m */,
			);
			name = Cells;
			sourceTree = "<group>";
		};
		8C73267F1F3C8D2400301720 /* UserService */ = {
			isa = PBXGroup;
			children = (
				8C7326801F3C8D4700301720 /* UserService.h */,
				8C7326811F3C8D5800301720 /* UserServiceImpl.h */,
				8C7326821F3C8D5800301720 /* UserServiceImpl.m */,
			);
			name = UserService;
			sourceTree = "<group>";
		};
		8CD785EC1F14EE3900AF7A8D /* Modules */ = {
			isa = PBXGroup;
			children = (
				8C45F6471FD01AC7005B3892 /* Intro */,
				8CD785F11F14EE9D00AF7A8D /* ExchangeMoney */,
			);
			name = Modules;
			sourceTree = "<group>";
		};
		8CD785F11F14EE9D00AF7A8D /* ExchangeMoney */ = {
			isa = PBXGroup;
			children = (
				8CD7860C1F14EFB000AF7A8D /* Assembly */,
				8CD785F21F14EEA900AF7A8D /* Interactor */,
				8CD785F31F14EEAD00AF7A8D /* Presenter */,
				8C6423651FA0A78A00A95479 /* Modules */,
				8CD785F41F14EEB100AF7A8D /* View */,
				8CD785F51F14EEB500AF7A8D /* Router */,
			);
			name = ExchangeMoney;
			sourceTree = "<group>";
		};
		8CD785F21F14EEA900AF7A8D /* Interactor */ = {
			isa = PBXGroup;
			children = (
				8CD786171F14F22600AF7A8D /* ExchangeMoneyInteractor.h */,
				8CD786181F14F22600AF7A8D /* ExchangeMoneyInteractorImpl.h */,
				8CD786191F14F22600AF7A8D /* ExchangeMoneyInteractorImpl.m */,
			);
			name = Interactor;
			sourceTree = "<group>";
		};
		8CD785F31F14EEAD00AF7A8D /* Presenter */ = {
			isa = PBXGroup;
			children = (
				8CD7861B1F14F22D00AF7A8D /* ExchangeMoneyModule.h */,
				8CD7861D1F14F22D00AF7A8D /* ExchangeMoneyPresenter.h */,
				8CD7861E1F14F22D00AF7A8D /* ExchangeMoneyPresenter.m */,
			);
			name = Presenter;
			sourceTree = "<group>";
		};
		8CD785F41F14EEB100AF7A8D /* View */ = {
			isa = PBXGroup;
			children = (
				8C6423721FA0BB3A00A95479 /* Cells */,
				8C6423671FA0A81D00A95479 /* Legacy */,
				8CD7865E1F14FD5200AF7A8D /* ExchangeMoneyViewInput.h */,
				8CD786211F14F23400AF7A8D /* ExchangeMoneyView.h */,
				8CD786221F14F23400AF7A8D /* ExchangeMoneyView.m */,
				8C43EB6B1FA1EC1800EE87FD /* ExchangeMoneyViewData.h */,
				8C43EB6C1FA1EC1800EE87FD /* ExchangeMoneyViewData.m */,
				8CD786231F14F23400AF7A8D /* ExchangeMoneyViewController.h */,
				8CD786241F14F23400AF7A8D /* ExchangeMoneyViewController.m */,
				8CF964581F1CD11B009852B9 /* ExchangeMoneyCurrencyView.h */,
				8CF964591F1CD11B009852B9 /* ExchangeMoneyCurrencyView.m */,
				8CF9644F1F1CCC0D009852B9 /* ExchangeMoneyCurrencyViewData.h */,
				8CF964501F1CCC0D009852B9 /* ExchangeMoneyCurrencyViewData.m */,
				8CF964521F1CCECA009852B9 /* ExchangeMoneyBalanceViewData.h */,
				8CF964531F1CCECA009852B9 /* ExchangeMoneyBalanceViewData.m */,
				8C94B4E41F3E162B00B2B9FC /* ExchangeMoneyTitleView.h */,
				8C94B4E51F3E162B00B2B9FC /* ExchangeMoneyTitleView.m */,
				8C94B4DB1F3DFD5E00B2B9FC /* TextField.h */,
				8C94B4DC1F3DFD5E00B2B9FC /* TextField.m */,
			);
			name = View;
			sourceTree = "<group>";
		};
		8CD785F51F14EEB500AF7A8D /* Router */ = {
			isa = PBXGroup;
			children = (
				8CD786271F14F23C00AF7A8D /* ExchangeMoneyRouter.h */,
				8CD786281F14F23C00AF7A8D /* ExchangeMoneyRouter.m */,
			);
			name = Router;
			sourceTree = "<group>";
		};
		8CD7860C1F14EFB000AF7A8D /* Assembly */ = {
			isa = PBXGroup;
			children = (
				8CD7864F1F14F65800AF7A8D /* ExchangeMoneyAssembly.h */,
				8CD786141F14F21F00AF7A8D /* ExchangeMoneyAssemblyImpl.h */,
				8CD786151F14F21F00AF7A8D /* ExchangeMoneyAssemblyImpl.m */,
			);
			name = Assembly;
			sourceTree = "<group>";
		};
		8CD786131F14F15900AF7A8D /* ExchangeRatesService */ = {
			isa = PBXGroup;
			children = (
				8CD7862C1F14F24600AF7A8D /* ExchangeRatesService.h */,
				8C36E9951F264587009BDDC0 /* ExchangeRatesServiceImpl.h */,
				8CD7862D1F14F24600AF7A8D /* ExchangeRatesServiceImpl.m */,
				8CC705F81F27CF51008770E2 /* ExchangeRatesData.h */,
				8CC705F91F27CF51008770E2 /* ExchangeRatesData.m */,
			);
			name = ExchangeRatesService;
			sourceTree = "<group>";
		};
		8CD786301F14F24700AF7A8D /* ExchangeRatesUpdater */ = {
			isa = PBXGroup;
			children = (
				8CD786311F14F26700AF7A8D /* ExchangeRatesUpdater.h */,
				8C36E9941F26451B009BDDC0 /* ExchangeRatesUpdaterImpl.h */,
				8CD786321F14F26700AF7A8D /* ExchangeRatesUpdaterImpl.m */,
			);
			name = ExchangeRatesUpdater;
			sourceTree = "<group>";
		};
		8CD786341F14F26A00AF7A8D /* ExchangeMoneyService */ = {
			isa = PBXGroup;
			children = (
				8CD786351F14F27F00AF7A8D /* ExchangeMoneyService.h */,
				8CD786361F14F27F00AF7A8D /* ExchangeMoneyService.m */,
				8CD7864C1F14F32600AF7A8D /* User.h */,
				8CD7864D1F14F32600AF7A8D /* User.m */,
			);
			name = ExchangeMoneyService;
			sourceTree = "<group>";
		};
		8CD7863B1F14F28700AF7A8D /* XMLParser */ = {
			isa = PBXGroup;
			children = (
				8CD7863C1F14F29000AF7A8D /* XMLParser.h */,
				8CC705F71F27CE0A008770E2 /* XMLParserImpl.h */,
				8CD7863D1F14F29000AF7A8D /* XMLParserImpl.m */,
			);
			name = XMLParser;
			sourceTree = "<group>";
		};
		8CD7863F1F14F29600AF7A8D /* Formatters */ = {
			isa = PBXGroup;
			children = (
				8CD786401F14F2A000AF7A8D /* CurrencyFormatter.h */,
				8CD786411F14F2A000AF7A8D /* CurrencyFormatter.m */,
			);
			name = Formatters;
			sourceTree = "<group>";
		};
		8CD786501F14F7A500AF7A8D /* DI */ = {
			isa = PBXGroup;
			children = (
				8CF964151F165C24009852B9 /* AssembledViewController.h */,
				8CF964161F165C24009852B9 /* AssembledViewController.m */,
				8CD786541F14F82000AF7A8D /* AssemblySeed.h */,
				8CD786551F14F82000AF7A8D /* AssemblySeed.m */,
				8CD786511F14F7B700AF7A8D /* BaseAssembly.h */,
				8CD786521F14F7B700AF7A8D /* BaseAssembly.m */,
				8CD7865A1F14F87400AF7A8D /* AssemblyFactory.h */,
				8CD786571F14F86100AF7A8D /* AssemblyFactoryImpl.h */,
				8CD786581F14F86100AF7A8D /* AssemblyFactoryImpl.m */,
			);
			name = DI;
			sourceTree = "<group>";
		};
		8CF964141F165BF3009852B9 /* Application */ = {
			isa = PBXGroup;
			children = (
				8C73267D1F3C80B100301720 /* LaunchScreen.storyboard */,
				8CF964181F165C31009852B9 /* AppDelegate.h */,
				8CF964191F165C31009852B9 /* AppDelegate.m */,
				8CF9641A1F165C31009852B9 /* Info.plist */,
				8CF9641B1F165C31009852B9 /* main.m */,
			);
			name = Application;
			sourceTree = "<group>";
		};
		8CF9643E1F17D852009852B9 /* KeyboardObservingService */ = {
			isa = PBXGroup;
			children = (
				8C73267A1F3B345000301720 /* KeyboardData.h */,
				8C73267B1F3B345000301720 /* KeyboardData.m */,
				8CF9643F1F17D8B7009852B9 /* KeyboardObserver.h */,
				8CF9643B1F17D84E009852B9 /* KeyboardObserverImpl.h */,
				8CF9643C1F17D84E009852B9 /* KeyboardObserverImpl.m */,
			);
			name = KeyboardObservingService;
			sourceTree = "<group>";
		};
		C4D7318F40CE453F21240F76 /* Frameworks */ = {
			isa = PBXGroup;
			children = (
				A46A0D61B3F31B4C0C77D2B7 /* libPods-Exchanger.a */,
				065BDAA0B52E5D049A00B783 /* libPods-ExchangerTests.a */,
				228D4FAA2C2C7FB35FC8A6FF /* libPods-ExchangerUITests.a */,
			);
			name = Frameworks;
			sourceTree = "<group>";
		};
/* End PBXGroup section */

/* Begin PBXNativeTarget section */
		8C2E1CE31F13818D00DB0FC2 /* Exchanger */ = {
			isa = PBXNativeTarget;
			buildConfigurationList = 8C2E1D111F13818D00DB0FC2 /* Build configuration list for PBXNativeTarget "Exchanger" */;
			buildPhases = (
				4A897E46A301948C5770139F /* [CP] Check Pods Manifest.lock */,
				8C2E1CE01F13818D00DB0FC2 /* Sources */,
				8C2E1CE11F13818D00DB0FC2 /* Frameworks */,
				8C2E1CE21F13818D00DB0FC2 /* Resources */,
				3D166C22C9647A8D8D01D530 /* [CP] Embed Pods Frameworks */,
				9745BA645FE540CCA4F1E1DA /* [CP] Copy Pods Resources */,
			);
			buildRules = (
			);
			dependencies = (
			);
			name = Exchanger;
			productName = Exchanger;
			productReference = 8C2E1CE41F13818D00DB0FC2 /* Avito.app */;
			productType = "com.apple.product-type.application";
		};
		8C2E1CFC1F13818D00DB0FC2 /* ExchangerTests */ = {
			isa = PBXNativeTarget;
			buildConfigurationList = 8C2E1D141F13818D00DB0FC2 /* Build configuration list for PBXNativeTarget "ExchangerTests" */;
			buildPhases = (
				B2E2FEBBC873AAB56A744C91 /* [CP] Check Pods Manifest.lock */,
				8C2E1CF91F13818D00DB0FC2 /* Sources */,
				8C2E1CFA1F13818D00DB0FC2 /* Frameworks */,
				8C2E1CFB1F13818D00DB0FC2 /* Resources */,
				1AE08A7BCEB697B2CB4F8190 /* [CP] Embed Pods Frameworks */,
				C290CE6AAAA386B0D01AD523 /* [CP] Copy Pods Resources */,
			);
			buildRules = (
			);
			dependencies = (
				8C2E1CFF1F13818D00DB0FC2 /* PBXTargetDependency */,
			);
			name = ExchangerTests;
			productName = ExchangerTests;
			productReference = 8C2E1CFD1F13818D00DB0FC2 /* ExchangerTests.xctest */;
			productType = "com.apple.product-type.bundle.unit-test";
		};
		8C2E1D071F13818D00DB0FC2 /* ExchangerUITests */ = {
			isa = PBXNativeTarget;
			buildConfigurationList = 8C2E1D171F13818D00DB0FC2 /* Build configuration list for PBXNativeTarget "ExchangerUITests" */;
			buildPhases = (
				11A13FEE4C6B4AF8ED6F41C1 /* [CP] Check Pods Manifest.lock */,
				8C2E1D041F13818D00DB0FC2 /* Sources */,
				8C2E1D051F13818D00DB0FC2 /* Frameworks */,
				8C2E1D061F13818D00DB0FC2 /* Resources */,
				C5BFA68F4F66D294361B828C /* [CP] Embed Pods Frameworks */,
				1EA391346FE2C33C709AE9D9 /* [CP] Copy Pods Resources */,
			);
			buildRules = (
			);
			dependencies = (
				8C2E1D0A1F13818D00DB0FC2 /* PBXTargetDependency */,
			);
			name = ExchangerUITests;
			productName = ExchangerUITests;
			productReference = 8C2E1D081F13818D00DB0FC2 /* ExchangerUITests.xctest */;
			productType = "com.apple.product-type.bundle.ui-testing";
		};
/* End PBXNativeTarget section */

/* Begin PBXProject section */
		8C2E1CDC1F13818D00DB0FC2 /* Project object */ = {
			isa = PBXProject;
			attributes = {
				LastUpgradeCheck = 0820;
				ORGANIZATIONNAME = "Vladimir Kaltyrin";
				TargetAttributes = {
					8C2E1CE31F13818D00DB0FC2 = {
						CreatedOnToolsVersion = 8.2.1;
						DevelopmentTeam = 5PHGGKL9UQ;
						ProvisioningStyle = Automatic;
					};
					8C2E1CFC1F13818D00DB0FC2 = {
						CreatedOnToolsVersion = 8.2.1;
						ProvisioningStyle = Manual;
						TestTargetID = 8C2E1CE31F13818D00DB0FC2;
					};
					8C2E1D071F13818D00DB0FC2 = {
						CreatedOnToolsVersion = 8.2.1;
						DevelopmentTeam = 5PHGGKL9UQ;
						ProvisioningStyle = Automatic;
						TestTargetID = 8C2E1CE31F13818D00DB0FC2;
					};
					8C2E1D1A1F1384DE00DB0FC2 = {
						CreatedOnToolsVersion = 8.2.1;
						DevelopmentTeam = 5PHGGKL9UQ;
						ProvisioningStyle = Automatic;
					};
				};
			};
			buildConfigurationList = 8C2E1CDF1F13818D00DB0FC2 /* Build configuration list for PBXProject "Exchanger" */;
			compatibilityVersion = "Xcode 3.2";
			developmentRegion = English;
			hasScannedForEncodings = 0;
			knownRegions = (
				en,
				Base,
			);
			mainGroup = 8C2E1CDB1F13818D00DB0FC2;
			productRefGroup = 8C2E1CE51F13818D00DB0FC2 /* Products */;
			projectDirPath = "";
			projectRoot = "";
			targets = (
				8C2E1CE31F13818D00DB0FC2 /* Exchanger */,
				8C2E1CFC1F13818D00DB0FC2 /* ExchangerTests */,
				8C2E1D071F13818D00DB0FC2 /* ExchangerUITests */,
				8C2E1D1A1F1384DE00DB0FC2 /* OCLint */,
			);
		};
/* End PBXProject section */

/* Begin PBXResourcesBuildPhase section */
		8C2E1CE21F13818D00DB0FC2 /* Resources */ = {
			isa = PBXResourcesBuildPhase;
			buildActionMask = 2147483647;
			files = (
				8C73267E1F3C80B100301720 /* LaunchScreen.storyboard in Resources */,
				8CF9641D1F165C31009852B9 /* Info.plist in Resources */,
				8C2E1CF41F13818D00DB0FC2 /* Assets.xcassets in Resources */,
			);
			runOnlyForDeploymentPostprocessing = 0;
		};
		8C2E1CFB1F13818D00DB0FC2 /* Resources */ = {
			isa = PBXResourcesBuildPhase;
			buildActionMask = 2147483647;
			files = (
			);
			runOnlyForDeploymentPostprocessing = 0;
		};
		8C2E1D061F13818D00DB0FC2 /* Resources */ = {
			isa = PBXResourcesBuildPhase;
			buildActionMask = 2147483647;
			files = (
			);
			runOnlyForDeploymentPostprocessing = 0;
		};
/* End PBXResourcesBuildPhase section */

/* Begin PBXShellScriptBuildPhase section */
		11A13FEE4C6B4AF8ED6F41C1 /* [CP] Check Pods Manifest.lock */ = {
			isa = PBXShellScriptBuildPhase;
			buildActionMask = 2147483647;
			files = (
			);
			inputPaths = (
			);
			name = "[CP] Check Pods Manifest.lock";
			outputPaths = (
			);
			runOnlyForDeploymentPostprocessing = 0;
			shellPath = /bin/sh;
			shellScript = "diff \"${PODS_PODFILE_DIR_PATH}/Podfile.lock\" \"${PODS_ROOT}/Manifest.lock\" > /dev/null\nif [ $? != 0 ] ; then\n    # print error to STDERR\n    echo \"error: The sandbox is not in sync with the Podfile.lock. Run 'pod install' or update your CocoaPods installation.\" >&2\n    exit 1\nfi\n";
			showEnvVarsInLog = 0;
		};
		1AE08A7BCEB697B2CB4F8190 /* [CP] Embed Pods Frameworks */ = {
			isa = PBXShellScriptBuildPhase;
			buildActionMask = 2147483647;
			files = (
			);
			inputPaths = (
			);
			name = "[CP] Embed Pods Frameworks";
			outputPaths = (
			);
			runOnlyForDeploymentPostprocessing = 0;
			shellPath = /bin/sh;
			shellScript = "\"${SRCROOT}/Pods/Target Support Files/Pods-ExchangerTests/Pods-ExchangerTests-frameworks.sh\"\n";
			showEnvVarsInLog = 0;
		};
		1EA391346FE2C33C709AE9D9 /* [CP] Copy Pods Resources */ = {
			isa = PBXShellScriptBuildPhase;
			buildActionMask = 2147483647;
			files = (
			);
			inputPaths = (
			);
			name = "[CP] Copy Pods Resources";
			outputPaths = (
			);
			runOnlyForDeploymentPostprocessing = 0;
			shellPath = /bin/sh;
			shellScript = "\"${SRCROOT}/Pods/Target Support Files/Pods-ExchangerUITests/Pods-ExchangerUITests-resources.sh\"\n";
			showEnvVarsInLog = 0;
		};
		3D166C22C9647A8D8D01D530 /* [CP] Embed Pods Frameworks */ = {
			isa = PBXShellScriptBuildPhase;
			buildActionMask = 2147483647;
			files = (
			);
			inputPaths = (
			);
			name = "[CP] Embed Pods Frameworks";
			outputPaths = (
			);
			runOnlyForDeploymentPostprocessing = 0;
			shellPath = /bin/sh;
			shellScript = "\"${SRCROOT}/Pods/Target Support Files/Pods-Exchanger/Pods-Exchanger-frameworks.sh\"\n";
			showEnvVarsInLog = 0;
		};
		4A897E46A301948C5770139F /* [CP] Check Pods Manifest.lock */ = {
			isa = PBXShellScriptBuildPhase;
			buildActionMask = 2147483647;
			files = (
			);
			inputPaths = (
			);
			name = "[CP] Check Pods Manifest.lock";
			outputPaths = (
			);
			runOnlyForDeploymentPostprocessing = 0;
			shellPath = /bin/sh;
			shellScript = "diff \"${PODS_PODFILE_DIR_PATH}/Podfile.lock\" \"${PODS_ROOT}/Manifest.lock\" > /dev/null\nif [ $? != 0 ] ; then\n    # print error to STDERR\n    echo \"error: The sandbox is not in sync with the Podfile.lock. Run 'pod install' or update your CocoaPods installation.\" >&2\n    exit 1\nfi\n";
			showEnvVarsInLog = 0;
		};
		8C2E1D1E1F13907100DB0FC2 /* ShellScript */ = {
			isa = PBXShellScriptBuildPhase;
			buildActionMask = 2147483647;
			files = (
			);
			inputPaths = (
			);
			outputPaths = (
			);
			runOnlyForDeploymentPostprocessing = 0;
			shellPath = /bin/sh;
			shellScript = "sh ${SRCROOT}/lint.sh";
		};
		9745BA645FE540CCA4F1E1DA /* [CP] Copy Pods Resources */ = {
			isa = PBXShellScriptBuildPhase;
			buildActionMask = 2147483647;
			files = (
			);
			inputPaths = (
			);
			name = "[CP] Copy Pods Resources";
			outputPaths = (
			);
			runOnlyForDeploymentPostprocessing = 0;
			shellPath = /bin/sh;
			shellScript = "\"${SRCROOT}/Pods/Target Support Files/Pods-Exchanger/Pods-Exchanger-resources.sh\"\n";
			showEnvVarsInLog = 0;
		};
		B2E2FEBBC873AAB56A744C91 /* [CP] Check Pods Manifest.lock */ = {
			isa = PBXShellScriptBuildPhase;
			buildActionMask = 2147483647;
			files = (
			);
			inputPaths = (
			);
			name = "[CP] Check Pods Manifest.lock";
			outputPaths = (
			);
			runOnlyForDeploymentPostprocessing = 0;
			shellPath = /bin/sh;
			shellScript = "diff \"${PODS_PODFILE_DIR_PATH}/Podfile.lock\" \"${PODS_ROOT}/Manifest.lock\" > /dev/null\nif [ $? != 0 ] ; then\n    # print error to STDERR\n    echo \"error: The sandbox is not in sync with the Podfile.lock. Run 'pod install' or update your CocoaPods installation.\" >&2\n    exit 1\nfi\n";
			showEnvVarsInLog = 0;
		};
		C290CE6AAAA386B0D01AD523 /* [CP] Copy Pods Resources */ = {
			isa = PBXShellScriptBuildPhase;
			buildActionMask = 2147483647;
			files = (
			);
			inputPaths = (
			);
			name = "[CP] Copy Pods Resources";
			outputPaths = (
			);
			runOnlyForDeploymentPostprocessing = 0;
			shellPath = /bin/sh;
			shellScript = "\"${SRCROOT}/Pods/Target Support Files/Pods-ExchangerTests/Pods-ExchangerTests-resources.sh\"\n";
			showEnvVarsInLog = 0;
		};
		C5BFA68F4F66D294361B828C /* [CP] Embed Pods Frameworks */ = {
			isa = PBXShellScriptBuildPhase;
			buildActionMask = 2147483647;
			files = (
			);
			inputPaths = (
			);
			name = "[CP] Embed Pods Frameworks";
			outputPaths = (
			);
			runOnlyForDeploymentPostprocessing = 0;
			shellPath = /bin/sh;
			shellScript = "\"${SRCROOT}/Pods/Target Support Files/Pods-ExchangerUITests/Pods-ExchangerUITests-frameworks.sh\"\n";
			showEnvVarsInLog = 0;
		};
/* End PBXShellScriptBuildPhase section */

/* Begin PBXSourcesBuildPhase section */
		8C2E1CE01F13818D00DB0FC2 /* Sources */ = {
			isa = PBXSourcesBuildPhase;
			buildActionMask = 2147483647;
			files = (
				8C45F6501FD01B8A005B3892 /* IntroAssemblyImpl.m in Sources */,
				8C45F65A1FD01D1C005B3892 /* IntroView.m in Sources */,
				8CD786251F14F23400AF7A8D /* ExchangeMoneyView.m in Sources */,
				8CC705FA1F27CF51008770E2 /* ExchangeRatesData.m in Sources */,
				8C94B4DD1F3DFD5E00B2B9FC /* TextField.m in Sources */,
				8C64234C1FA0753500A95479 /* GalleryPreviewController.m in Sources */,
				8CF9645A1F1CD11B009852B9 /* ExchangeMoneyCurrencyView.m in Sources */,
				8C36E99B1F2653D8009BDDC0 /* ExchangeRatesResponse.m in Sources */,
				8CD786261F14F23400AF7A8D /* ExchangeMoneyViewController.m in Sources */,
				8CD786331F14F26700AF7A8D /* ExchangeRatesUpdaterImpl.m in Sources */,
				8C6423611FA091D000A95479 /* GalleryPreviewData.m in Sources */,
				8CD786491F14F2B800AF7A8D /* Currency.m in Sources */,
				8CD786161F14F21F00AF7A8D /* ExchangeMoneyAssemblyImpl.m in Sources */,
				8CD786291F14F23C00AF7A8D /* ExchangeMoneyRouter.m in Sources */,
				8C076BA71FD150FA003F4D42 /* Wallet.m in Sources */,
				8CD7861A1F14F22600AF7A8D /* ExchangeMoneyInteractorImpl.m in Sources */,
				8C1FEFCB1F13A76A0024F046 /* ServiceFactoryImpl.m in Sources */,
				8C6423551FA0758C00A95479 /* GalleryPreviewPage.m in Sources */,
				8C7326831F3C8D5800301720 /* UserServiceImpl.m in Sources */,
				8CD786591F14F86100AF7A8D /* AssemblyFactoryImpl.m in Sources */,
				8C45F66C1FD03222005B3892 /* BaseRouter.m in Sources */,
				8CD7864E1F14F32600AF7A8D /* User.m in Sources */,
				8C94B4E01F3E10C600B2B9FC /* BarButton.m in Sources */,
				8C94B4DA1F3DEB8700B2B9FC /* UIViewController+Extensions.m in Sources */,
				8C45F6691FD02EA7005B3892 /* BaseUIKitRouter.m in Sources */,
				8C36E9921F2634C9009BDDC0 /* BaseViewController.m in Sources */,
				8C43EB6D1FA1EC1900EE87FD /* ExchangeMoneyViewData.m in Sources */,
				8CF9643D1F17D84E009852B9 /* KeyboardObserverImpl.m in Sources */,
				8CF964171F165C24009852B9 /* AssembledViewController.m in Sources */,
				8C45F6661FD01F17005B3892 /* IntroRouterImpl.m in Sources */,
				8CD786421F14F2A000AF7A8D /* CurrencyFormatter.m in Sources */,
				8CF964481F1CC4EE009852B9 /* ExchangeMoneyPageViewController.m in Sources */,
				8CF9644B1F1CC81D009852B9 /* ExchangeMoneyCurrencyViewController.m in Sources */,
				8C64235B1FA0761400A95479 /* GalleryPreviewPageData.m in Sources */,
				8C076B9F1FD03DF4003F4D42 /* DisposeBag.m in Sources */,
				8C73267C1F3B345000301720 /* KeyboardData.m in Sources */,
				8CF9641E1F165C31009852B9 /* main.m in Sources */,
				8CD786561F14F82000AF7A8D /* AssemblySeed.m in Sources */,
				8CD7862F1F14F24600AF7A8D /* ExchangeRatesServiceImpl.m in Sources */,
				8C6423581FA075AC00A95479 /* GalleryPreviewPageIndicator.m in Sources */,
				8C6423711FA0B23C00A95479 /* ObservableTextField.m in Sources */,
				8C45F6601FD01DE4005B3892 /* IntroPresenter.m in Sources */,
				8CF964511F1CCC0D009852B9 /* ExchangeMoneyCurrencyViewData.m in Sources */,
				8CF964541F1CCECA009852B9 /* ExchangeMoneyBalanceViewData.m in Sources */,
				8C6423761FA0BB7400A95479 /* CurrencyRateCell.m in Sources */,
				8C45F6631FD01E2D005B3892 /* IntroInteractorImpl.m in Sources */,
				8C6423521FA0757600A95479 /* GalleryPreviewPageController.m in Sources */,
				8C45F6571FD01CD2005B3892 /* IntroViewController.m in Sources */,
				8CD786391F14F27F00AF7A8D /* ExchangeMoneyService.m in Sources */,
				8C94B4E61F3E162B00B2B9FC /* ExchangeMoneyTitleView.m in Sources */,
				8CF9641C1F165C31009852B9 /* AppDelegate.m in Sources */,
				8CD7863E1F14F29000AF7A8D /* XMLParserImpl.m in Sources */,
				8C6423491FA0747500A95479 /* GalleryPreviewView.m in Sources */,
				8CD786531F14F7B700AF7A8D /* BaseAssembly.m in Sources */,
				8CD786201F14F22D00AF7A8D /* ExchangeMoneyPresenter.m in Sources */,
				8C36E9891F261B4F009BDDC0 /* UIView+Properties.m in Sources */,
				8C6423641FA0966500A95479 /* MoveFailableLongPressGestureRecognizer.m in Sources */,
				8C64235E1FA0793F00A95479 /* ObservableImageView.m in Sources */,
			);
			runOnlyForDeploymentPostprocessing = 0;
		};
		8C2E1CF91F13818D00DB0FC2 /* Sources */ = {
			isa = PBXSourcesBuildPhase;
			buildActionMask = 2147483647;
			files = (
				8C2E1D021F13818D00DB0FC2 /* ExchangerTests.m in Sources */,
				8CC705F61F27CBDA008770E2 /* CurrencyFormatterTests.m in Sources */,
			);
			runOnlyForDeploymentPostprocessing = 0;
		};
		8C2E1D041F13818D00DB0FC2 /* Sources */ = {
			isa = PBXSourcesBuildPhase;
			buildActionMask = 2147483647;
			files = (
				8C2E1D0D1F13818D00DB0FC2 /* ExchangerUITests.m in Sources */,
			);
			runOnlyForDeploymentPostprocessing = 0;
		};
/* End PBXSourcesBuildPhase section */

/* Begin PBXTargetDependency section */
		8C1FEFBF1F139F1E0024F046 /* PBXTargetDependency */ = {
			isa = PBXTargetDependency;
			target = 8C2E1CE31F13818D00DB0FC2 /* Exchanger */;
			targetProxy = 8C1FEFBE1F139F1E0024F046 /* PBXContainerItemProxy */;
		};
		8C2E1CFF1F13818D00DB0FC2 /* PBXTargetDependency */ = {
			isa = PBXTargetDependency;
			target = 8C2E1CE31F13818D00DB0FC2 /* Exchanger */;
			targetProxy = 8C2E1CFE1F13818D00DB0FC2 /* PBXContainerItemProxy */;
		};
		8C2E1D0A1F13818D00DB0FC2 /* PBXTargetDependency */ = {
			isa = PBXTargetDependency;
			target = 8C2E1CE31F13818D00DB0FC2 /* Exchanger */;
			targetProxy = 8C2E1D091F13818D00DB0FC2 /* PBXContainerItemProxy */;
		};
/* End PBXTargetDependency section */

/* Begin XCBuildConfiguration section */
		8C2E1D0F1F13818D00DB0FC2 /* Debug */ = {
			isa = XCBuildConfiguration;
			buildSettings = {
				ALWAYS_SEARCH_USER_PATHS = NO;
				CLANG_ANALYZER_NONNULL = YES;
				CLANG_CXX_LANGUAGE_STANDARD = "gnu++0x";
				CLANG_CXX_LIBRARY = "libc++";
				CLANG_ENABLE_MODULES = YES;
				CLANG_ENABLE_OBJC_ARC = YES;
				CLANG_WARN_BOOL_CONVERSION = YES;
				CLANG_WARN_CONSTANT_CONVERSION = YES;
				CLANG_WARN_DIRECT_OBJC_ISA_USAGE = YES_ERROR;
				CLANG_WARN_DOCUMENTATION_COMMENTS = YES;
				CLANG_WARN_EMPTY_BODY = YES;
				CLANG_WARN_ENUM_CONVERSION = YES;
				CLANG_WARN_INFINITE_RECURSION = YES;
				CLANG_WARN_INT_CONVERSION = YES;
				CLANG_WARN_OBJC_ROOT_CLASS = YES_ERROR;
				CLANG_WARN_SUSPICIOUS_MOVE = YES;
				CLANG_WARN_UNREACHABLE_CODE = YES;
				CLANG_WARN__DUPLICATE_METHOD_MATCH = YES;
				"CODE_SIGN_IDENTITY[sdk=iphoneos*]" = "iPhone Developer";
				COPY_PHASE_STRIP = NO;
				DEBUG_INFORMATION_FORMAT = dwarf;
				ENABLE_STRICT_OBJC_MSGSEND = YES;
				ENABLE_TESTABILITY = YES;
				GCC_C_LANGUAGE_STANDARD = gnu99;
				GCC_DYNAMIC_NO_PIC = NO;
				GCC_NO_COMMON_BLOCKS = YES;
				GCC_OPTIMIZATION_LEVEL = 0;
				GCC_PREPROCESSOR_DEFINITIONS = (
					"DEBUG=1",
					"$(inherited)",
				);
				GCC_WARN_64_TO_32_BIT_CONVERSION = YES;
				GCC_WARN_ABOUT_RETURN_TYPE = YES_ERROR;
				GCC_WARN_UNDECLARED_SELECTOR = YES;
				GCC_WARN_UNINITIALIZED_AUTOS = YES_AGGRESSIVE;
				GCC_WARN_UNUSED_FUNCTION = YES;
				GCC_WARN_UNUSED_VARIABLE = YES;
				IPHONEOS_DEPLOYMENT_TARGET = 8.0;
				MTL_ENABLE_DEBUG_INFO = YES;
				ONLY_ACTIVE_ARCH = YES;
				SDKROOT = iphoneos;
				TARGETED_DEVICE_FAMILY = "1,2";
			};
			name = Debug;
		};
		8C2E1D101F13818D00DB0FC2 /* Release */ = {
			isa = XCBuildConfiguration;
			buildSettings = {
				ALWAYS_SEARCH_USER_PATHS = NO;
				CLANG_ANALYZER_NONNULL = YES;
				CLANG_CXX_LANGUAGE_STANDARD = "gnu++0x";
				CLANG_CXX_LIBRARY = "libc++";
				CLANG_ENABLE_MODULES = YES;
				CLANG_ENABLE_OBJC_ARC = YES;
				CLANG_WARN_BOOL_CONVERSION = YES;
				CLANG_WARN_CONSTANT_CONVERSION = YES;
				CLANG_WARN_DIRECT_OBJC_ISA_USAGE = YES_ERROR;
				CLANG_WARN_DOCUMENTATION_COMMENTS = YES;
				CLANG_WARN_EMPTY_BODY = YES;
				CLANG_WARN_ENUM_CONVERSION = YES;
				CLANG_WARN_INFINITE_RECURSION = YES;
				CLANG_WARN_INT_CONVERSION = YES;
				CLANG_WARN_OBJC_ROOT_CLASS = YES_ERROR;
				CLANG_WARN_SUSPICIOUS_MOVE = YES;
				CLANG_WARN_UNREACHABLE_CODE = YES;
				CLANG_WARN__DUPLICATE_METHOD_MATCH = YES;
				"CODE_SIGN_IDENTITY[sdk=iphoneos*]" = "iPhone Developer";
				COPY_PHASE_STRIP = NO;
				DEBUG_INFORMATION_FORMAT = "dwarf-with-dsym";
				ENABLE_NS_ASSERTIONS = NO;
				ENABLE_STRICT_OBJC_MSGSEND = YES;
				GCC_C_LANGUAGE_STANDARD = gnu99;
				GCC_NO_COMMON_BLOCKS = YES;
				GCC_WARN_64_TO_32_BIT_CONVERSION = YES;
				GCC_WARN_ABOUT_RETURN_TYPE = YES_ERROR;
				GCC_WARN_UNDECLARED_SELECTOR = YES;
				GCC_WARN_UNINITIALIZED_AUTOS = YES_AGGRESSIVE;
				GCC_WARN_UNUSED_FUNCTION = YES;
				GCC_WARN_UNUSED_VARIABLE = YES;
				IPHONEOS_DEPLOYMENT_TARGET = 8.0;
				MTL_ENABLE_DEBUG_INFO = NO;
				SDKROOT = iphoneos;
				TARGETED_DEVICE_FAMILY = "1,2";
				VALIDATE_PRODUCT = YES;
			};
			name = Release;
		};
		8C2E1D121F13818D00DB0FC2 /* Debug */ = {
			isa = XCBuildConfiguration;
			baseConfigurationReference = AAEDD35F473571BE7C61E79D /* Pods-Exchanger.debug.xcconfig */;
			buildSettings = {
				ASSETCATALOG_COMPILER_APPICON_NAME = AppIcon;
				"CODE_SIGN_IDENTITY[sdk=iphoneos*]" = "iPhone Developer";
				DEVELOPMENT_TEAM = 5PHGGKL9UQ;
				INFOPLIST_FILE = "$(SRCROOT)/Exchanger/Application/Info.plist";
				LD_RUNPATH_SEARCH_PATHS = "$(inherited) @executable_path/Frameworks";
				PRODUCT_BUNDLE_IDENTIFIER = ru.avito.app;
				PRODUCT_NAME = Avito;
				PROVISIONING_PROFILE = "";
				PROVISIONING_PROFILE_SPECIFIER = "";
			};
			name = Debug;
		};
		8C2E1D131F13818D00DB0FC2 /* Release */ = {
			isa = XCBuildConfiguration;
			baseConfigurationReference = 6A61991DAEB98C839D7E3370 /* Pods-Exchanger.release.xcconfig */;
			buildSettings = {
				ASSETCATALOG_COMPILER_APPICON_NAME = AppIcon;
				"CODE_SIGN_IDENTITY[sdk=iphoneos*]" = "iPhone Developer";
				DEVELOPMENT_TEAM = 5PHGGKL9UQ;
				INFOPLIST_FILE = "$(SRCROOT)/Exchanger/Application/Info.plist";
				LD_RUNPATH_SEARCH_PATHS = "$(inherited) @executable_path/Frameworks";
				PRODUCT_BUNDLE_IDENTIFIER = ru.avito.app;
				PRODUCT_NAME = Avito;
				PROVISIONING_PROFILE_SPECIFIER = "";
			};
			name = Release;
		};
		8C2E1D151F13818D00DB0FC2 /* Debug */ = {
			isa = XCBuildConfiguration;
			baseConfigurationReference = 72F62204F1A8827488E4665A /* Pods-ExchangerTests.debug.xcconfig */;
			buildSettings = {
				BUNDLE_LOADER = "$(TEST_HOST)";
				DEVELOPMENT_TEAM = "";
				INFOPLIST_FILE = ExchangerTests/Info.plist;
				LD_RUNPATH_SEARCH_PATHS = "$(inherited) @executable_path/Frameworks @loader_path/Frameworks";
				PRODUCT_BUNDLE_IDENTIFIER = vkaltyrin.ExchangerTests;
				PRODUCT_NAME = "$(TARGET_NAME)";
				TEST_HOST = "$(BUILT_PRODUCTS_DIR)/Exchanger.app/Exchanger";
			};
			name = Debug;
		};
		8C2E1D161F13818D00DB0FC2 /* Release */ = {
			isa = XCBuildConfiguration;
			baseConfigurationReference = B15BF0ACF5593372A8301FB5 /* Pods-ExchangerTests.release.xcconfig */;
			buildSettings = {
				BUNDLE_LOADER = "$(TEST_HOST)";
				DEVELOPMENT_TEAM = "";
				INFOPLIST_FILE = ExchangerTests/Info.plist;
				LD_RUNPATH_SEARCH_PATHS = "$(inherited) @executable_path/Frameworks @loader_path/Frameworks";
				PRODUCT_BUNDLE_IDENTIFIER = vkaltyrin.ExchangerTests;
				PRODUCT_NAME = "$(TARGET_NAME)";
				TEST_HOST = "$(BUILT_PRODUCTS_DIR)/Exchanger.app/Exchanger";
			};
			name = Release;
		};
		8C2E1D181F13818D00DB0FC2 /* Debug */ = {
			isa = XCBuildConfiguration;
			baseConfigurationReference = 9389B4E6B11F4B0BB56B0F37 /* Pods-ExchangerUITests.debug.xcconfig */;
			buildSettings = {
				DEVELOPMENT_TEAM = 5PHGGKL9UQ;
				INFOPLIST_FILE = ExchangerUITests/Info.plist;
				LD_RUNPATH_SEARCH_PATHS = "$(inherited) @executable_path/Frameworks @loader_path/Frameworks";
				PRODUCT_BUNDLE_IDENTIFIER = vkaltyrin.ExchangerUITests;
				PRODUCT_NAME = "$(TARGET_NAME)";
				TEST_TARGET_NAME = Exchanger;
			};
			name = Debug;
		};
		8C2E1D191F13818D00DB0FC2 /* Release */ = {
			isa = XCBuildConfiguration;
			baseConfigurationReference = F29A4AD09A77BA9D010BA1AE /* Pods-ExchangerUITests.release.xcconfig */;
			buildSettings = {
				DEVELOPMENT_TEAM = 5PHGGKL9UQ;
				INFOPLIST_FILE = ExchangerUITests/Info.plist;
				LD_RUNPATH_SEARCH_PATHS = "$(inherited) @executable_path/Frameworks @loader_path/Frameworks";
				PRODUCT_BUNDLE_IDENTIFIER = vkaltyrin.ExchangerUITests;
				PRODUCT_NAME = "$(TARGET_NAME)";
				TEST_TARGET_NAME = Exchanger;
			};
			name = Release;
		};
		8C2E1D1B1F1384DF00DB0FC2 /* Debug */ = {
			isa = XCBuildConfiguration;
			buildSettings = {
				DEVELOPMENT_TEAM = 5PHGGKL9UQ;
				PRODUCT_NAME = "$(TARGET_NAME)";
			};
			name = Debug;
		};
		8C2E1D1C1F1384DF00DB0FC2 /* Release */ = {
			isa = XCBuildConfiguration;
			buildSettings = {
				DEVELOPMENT_TEAM = 5PHGGKL9UQ;
				PRODUCT_NAME = "$(TARGET_NAME)";
			};
			name = Release;
		};
/* End XCBuildConfiguration section */

/* Begin XCConfigurationList section */
		8C2E1CDF1F13818D00DB0FC2 /* Build configuration list for PBXProject "Exchanger" */ = {
			isa = XCConfigurationList;
			buildConfigurations = (
				8C2E1D0F1F13818D00DB0FC2 /* Debug */,
				8C2E1D101F13818D00DB0FC2 /* Release */,
			);
			defaultConfigurationIsVisible = 0;
			defaultConfigurationName = Release;
		};
		8C2E1D111F13818D00DB0FC2 /* Build configuration list for PBXNativeTarget "Exchanger" */ = {
			isa = XCConfigurationList;
			buildConfigurations = (
				8C2E1D121F13818D00DB0FC2 /* Debug */,
				8C2E1D131F13818D00DB0FC2 /* Release */,
			);
			defaultConfigurationIsVisible = 0;
			defaultConfigurationName = Release;
		};
		8C2E1D141F13818D00DB0FC2 /* Build configuration list for PBXNativeTarget "ExchangerTests" */ = {
			isa = XCConfigurationList;
			buildConfigurations = (
				8C2E1D151F13818D00DB0FC2 /* Debug */,
				8C2E1D161F13818D00DB0FC2 /* Release */,
			);
			defaultConfigurationIsVisible = 0;
			defaultConfigurationName = Release;
		};
		8C2E1D171F13818D00DB0FC2 /* Build configuration list for PBXNativeTarget "ExchangerUITests" */ = {
			isa = XCConfigurationList;
			buildConfigurations = (
				8C2E1D181F13818D00DB0FC2 /* Debug */,
				8C2E1D191F13818D00DB0FC2 /* Release */,
			);
			defaultConfigurationIsVisible = 0;
			defaultConfigurationName = Release;
		};
		8C2E1D1D1F1384DF00DB0FC2 /* Build configuration list for PBXAggregateTarget "OCLint" */ = {
			isa = XCConfigurationList;
			buildConfigurations = (
				8C2E1D1B1F1384DF00DB0FC2 /* Debug */,
				8C2E1D1C1F1384DF00DB0FC2 /* Release */,
			);
			defaultConfigurationIsVisible = 0;
			defaultConfigurationName = Release;
		};
/* End XCConfigurationList section */
	};
	rootObject = 8C2E1CDC1F13818D00DB0FC2 /* Project object */;
}
